// !$*UTF8*$!
{
	archiveVersion = 1;
	classes = {
	};
	objectVersion = 77;
	objects = {

/* Begin PBXBuildFile section */
		00E356F31AD99517003FC87E /* StylIQTests.m in Sources */ = {isa = PBXBuildFile; fileRef = 00E356F21AD99517003FC87E /* StylIQTests.m */; };
		125A43E1255F9EE05FF4207C /* PrivacyInfo.xcprivacy in Resources */ = {isa = PBXBuildFile; fileRef = 38E07049D3F79A12A97DCDFE /* PrivacyInfo.xcprivacy */; };
		13B07FBF1A68108700A75B9A /* Images.xcassets in Resources */ = {isa = PBXBuildFile; fileRef = 13B07FB51A68108700A75B9A /* Images.xcassets */; };
		761780ED2CA45674006654EE /* AppDelegate.swift in Sources */ = {isa = PBXBuildFile; fileRef = 761780EC2CA45674006654EE /* AppDelegate.swift */; };
		81AB9BB82411601600AC10FF /* LaunchScreen.storyboard in Resources */ = {isa = PBXBuildFile; fileRef = 81AB9BB72411601600AC10FF /* LaunchScreen.storyboard */; };
		BDE0F410869F23B78CDE927D /* Pods_StylIQ.framework in Frameworks */ = {isa = PBXBuildFile; fileRef = 9CD096C47B2921766CD49974 /* Pods_StylIQ.framework */; };
		C23D82982ECC017800AEB5BC /* MeasurementModuleBridge.m in Sources */ = {isa = PBXBuildFile; fileRef = C23D82952ECC017800AEB5BC /* MeasurementModuleBridge.m */; };
		C23D82992ECC017800AEB5BC /* MeasurementModule.swift in Sources */ = {isa = PBXBuildFile; fileRef = C23D82942ECC017800AEB5BC /* MeasurementModule.swift */; };
		C23D829A2ECC017800AEB5BC /* MeasurementMath.swift in Sources */ = {isa = PBXBuildFile; fileRef = C23D82932ECC017800AEB5BC /* MeasurementMath.swift */; };
		C23D829B2ECC017800AEB5BC /* VisionBodyPose.swift in Sources */ = {isa = PBXBuildFile; fileRef = C23D82962ECC017800AEB5BC /* VisionBodyPose.swift */; };
		C251AC6F2ED1538400DCBF90 /* ARKitContainerView.swift in Sources */ = {isa = PBXBuildFile; fileRef = C251AC672ED1538400DCBF90 /* ARKitContainerView.swift */; };
		C251AC702ED1538400DCBF90 /* ARKitModuleSpec.mm in Sources */ = {isa = PBXBuildFile; fileRef = C251AC6A2ED1538400DCBF90 /* ARKitModuleSpec.mm */; };
		C251AC712ED1538400DCBF90 /* ARKitModule.swift in Sources */ = {isa = PBXBuildFile; fileRef = C251AC682ED1538400DCBF90 /* ARKitModule.swift */; };
		C251AC722ED1538400DCBF90 /* ARKitViewManager.swift in Sources */ = {isa = PBXBuildFile; fileRef = C251AC6B2ED1538400DCBF90 /* ARKitViewManager.swift */; };
		C251AC732ED1538400DCBF90 /* ARKitModuleBridge.m in Sources */ = {isa = PBXBuildFile; fileRef = C251AC692ED1538400DCBF90 /* ARKitModuleBridge.m */; };
		C251AC742ED1538400DCBF90 /* ARBodyTrackingViewController.swift in Sources */ = {isa = PBXBuildFile; fileRef = C251AC662ED1538400DCBF90 /* ARBodyTrackingViewController.swift */; };
		C251AC752ED1538400DCBF90 /* ARKitViewManagerBridge.m in Sources */ = {isa = PBXBuildFile; fileRef = C251AC6C2ED1538400DCBF90 /* ARKitViewManagerBridge.m */; };
		C251AC762ED1538400DCBF90 /* ARKitViewManagerSpec.m in Sources */ = {isa = PBXBuildFile; fileRef = C251AC6D2ED1538400DCBF90 /* ARKitViewManagerSpec.m */; };
		C25ACD1E2ED926920079C030 /* HeadPoseModuleBridge.m in Sources */ = {isa = PBXBuildFile; fileRef = C25ACD1D2ED926920079C030 /* HeadPoseModuleBridge.m */; };
		C25CCD3D2EC99CB30079777C /* StylIQDynamicIslandBridge.m in Sources */ = {isa = PBXBuildFile; fileRef = C25CCD3B2EC99CB30079777C /* StylIQDynamicIslandBridge.m */; };
		C25CCD3E2EC99CB30079777C /* StylIQDynamicIslandModule.swift in Sources */ = {isa = PBXBuildFile; fileRef = C25CCD3C2EC99CB30079777C /* StylIQDynamicIslandModule.swift */; };
		C278CC652EC9BA1500EC355E /* WidgetKit.framework in Frameworks */ = {isa = PBXBuildFile; fileRef = C23B5A972EC97D45009FAACE /* WidgetKit.framework */; };
		C278CC662EC9BA1500EC355E /* SwiftUI.framework in Frameworks */ = {isa = PBXBuildFile; fileRef = C23B5A992EC97D46009FAACE /* SwiftUI.framework */; };
		C278CC812ECA4E2100EC355E /* SceneDelegate.swift in Sources */ = {isa = PBXBuildFile; fileRef = C278CC802ECA4E2100EC355E /* SceneDelegate.swift */; };
		C27C31F82ECAB99100696C33 /* StylIQLiveActivityExtension.appex in Embed App Extensions */ = {isa = PBXBuildFile; fileRef = C278CC642EC9BA1500EC355E /* StylIQLiveActivityExtension.appex */; settings = {ATTRIBUTES = (RemoveHeadersOnCopy, ); }; };
		C27CD6202E776F2F00EFDA95 /* GoogleService-Info.plist in Resources */ = {isa = PBXBuildFile; fileRef = C27CD61F2E776F2F00EFDA95 /* GoogleService-Info.plist */; };
		C2BCDBED2EC13DFC003B1420 /* main.jsbundle in Resources */ = {isa = PBXBuildFile; fileRef = C2BCDBEC2EC13DFC003B1420 /* main.jsbundle */; };
		C2C0B7C92F00A96A0011D16E /* KeychainAuthBridgeModuleBridge.m in Sources */ = {isa = PBXBuildFile; fileRef = C2C0B7C72F00A96A0011D16E /* KeychainAuthBridgeModuleBridge.m */; };
		C2C0B7CA2F00A96A0011D16E /* KeychainAuthBridgeModule.swift in Sources */ = {isa = PBXBuildFile; fileRef = C2C0B7C62F00A96A0011D16E /* KeychainAuthBridgeModule.swift */; };
		C2C53F932ED91F2800108BF6 /* HeadPoseModule.swift in Sources */ = {isa = PBXBuildFile; fileRef = C2C53F922ED91F2200108BF6 /* HeadPoseModule.swift */; };
		C2C9A6562EFA5F2600542433 /* ImageSaverModuleBridge.m in Sources */ = {isa = PBXBuildFile; fileRef = C2C9A6552EFA5F2600542433 /* ImageSaverModuleBridge.m */; };
		C2C9A6572EFA5F2600542433 /* ImageSaverModule.swift in Sources */ = {isa = PBXBuildFile; fileRef = C2C9A6542EFA5F2600542433 /* ImageSaverModule.swift */; };
		C2D0CF6F2ED798BE0033133C /* EmotionModuleBridge.m in Sources */ = {isa = PBXBuildFile; fileRef = C2D0CF6E2ED798BE0033133C /* EmotionModuleBridge.m */; };
		C2D0CF702ED798BE0033133C /* EmotionModule.swift in Sources */ = {isa = PBXBuildFile; fileRef = C2D0CF6D2ED798BE0033133C /* EmotionModule.swift */; };
		C2DCB8E42EDA11470048328C /* HandTrackingModule.swift in Sources */ = {isa = PBXBuildFile; fileRef = C2DCB8E32EDA11470048328C /* HandTrackingModule.swift */; };
		C2DCB8E52EDA11470048328C /* HandTrackingModule.m in Sources */ = {isa = PBXBuildFile; fileRef = C2DCB8E22EDA11470048328C /* HandTrackingModule.m */; };
/* End PBXBuildFile section */

/* Begin PBXContainerItemProxy section */
		00E356F41AD99517003FC87E /* PBXContainerItemProxy */ = {
			isa = PBXContainerItemProxy;
			containerPortal = 83CBB9F71A601CBA00E9B192 /* Project object */;
			proxyType = 1;
			remoteGlobalIDString = 13B07F861A680F5B00A75B9A;
			remoteInfo = StylIQ;
		};
/* End PBXContainerItemProxy section */

/* Begin PBXCopyFilesBuildPhase section */
		C257D13C2ECA984000E90D56 /* Embed App Extensions */ = {
			isa = PBXCopyFilesBuildPhase;
			buildActionMask = 2147483647;
			dstPath = "";
			dstSubfolderSpec = 13;
			files = (
				C27C31F82ECAB99100696C33 /* StylIQLiveActivityExtension.appex in Embed App Extensions */,
			);
			name = "Embed App Extensions";
			runOnlyForDeploymentPostprocessing = 0;
		};
		C2D0CFDB2ED79F090033133C /* Embed Frameworks */ = {
			isa = PBXCopyFilesBuildPhase;
			buildActionMask = 2147483647;
			dstPath = "";
			dstSubfolderSpec = 10;
			files = (
			);
			name = "Embed Frameworks";
			runOnlyForDeploymentPostprocessing = 0;
		};
/* End PBXCopyFilesBuildPhase section */

/* Begin PBXFileReference section */
		00E356EE1AD99517003FC87E /* StylIQTests.xctest */ = {isa = PBXFileReference; explicitFileType = wrapper.cfbundle; includeInIndex = 0; path = StylIQTests.xctest; sourceTree = BUILT_PRODUCTS_DIR; };
		00E356F11AD99517003FC87E /* Info.plist */ = {isa = PBXFileReference; lastKnownFileType = text.plist.xml; path = Info.plist; sourceTree = "<group>"; };
		00E356F21AD99517003FC87E /* StylIQTests.m */ = {isa = PBXFileReference; lastKnownFileType = sourcecode.c.objc; path = StylIQTests.m; sourceTree = "<group>"; };
		13B07F961A680F5B00A75B9A /* StylIQ.app */ = {isa = PBXFileReference; explicitFileType = wrapper.application; includeInIndex = 0; path = StylIQ.app; sourceTree = BUILT_PRODUCTS_DIR; };
		13B07FB51A68108700A75B9A /* Images.xcassets */ = {isa = PBXFileReference; lastKnownFileType = folder.assetcatalog; name = Images.xcassets; path = StylIQ/Images.xcassets; sourceTree = "<group>"; };
		13B07FB61A68108700A75B9A /* Info.plist */ = {isa = PBXFileReference; fileEncoding = 4; lastKnownFileType = text.plist.xml; name = Info.plist; path = StylIQ/Info.plist; sourceTree = "<group>"; };
		38E07049D3F79A12A97DCDFE /* PrivacyInfo.xcprivacy */ = {isa = PBXFileReference; includeInIndex = 1; lastKnownFileType = text.xml; name = PrivacyInfo.xcprivacy; path = StylIQ/PrivacyInfo.xcprivacy; sourceTree = "<group>"; };
		761780EC2CA45674006654EE /* AppDelegate.swift */ = {isa = PBXFileReference; lastKnownFileType = sourcecode.swift; name = AppDelegate.swift; path = StylIQ/AppDelegate.swift; sourceTree = "<group>"; };
		81AB9BB72411601600AC10FF /* LaunchScreen.storyboard */ = {isa = PBXFileReference; fileEncoding = 4; lastKnownFileType = file.storyboard; name = LaunchScreen.storyboard; path = StylIQ/LaunchScreen.storyboard; sourceTree = "<group>"; };
		9CD096C47B2921766CD49974 /* Pods_StylIQ.framework */ = {isa = PBXFileReference; explicitFileType = wrapper.framework; includeInIndex = 0; path = Pods_StylIQ.framework; sourceTree = BUILT_PRODUCTS_DIR; };
		C2154D162EA80F5E00A05E5C /* hermes.xcframework */ = {isa = PBXFileReference; lastKnownFileType = wrapper.xcframework; path = hermes.xcframework; sourceTree = "<group>"; };
		C23B5A972EC97D45009FAACE /* WidgetKit.framework */ = {isa = PBXFileReference; lastKnownFileType = wrapper.framework; name = WidgetKit.framework; path = System/Library/Frameworks/WidgetKit.framework; sourceTree = SDKROOT; };
		C23B5A992EC97D46009FAACE /* SwiftUI.framework */ = {isa = PBXFileReference; lastKnownFileType = wrapper.framework; name = SwiftUI.framework; path = System/Library/Frameworks/SwiftUI.framework; sourceTree = SDKROOT; };
		C23D82932ECC017800AEB5BC /* MeasurementMath.swift */ = {isa = PBXFileReference; lastKnownFileType = sourcecode.swift; path = MeasurementMath.swift; sourceTree = "<group>"; };
		C23D82942ECC017800AEB5BC /* MeasurementModule.swift */ = {isa = PBXFileReference; lastKnownFileType = sourcecode.swift; path = MeasurementModule.swift; sourceTree = "<group>"; };
		C23D82952ECC017800AEB5BC /* MeasurementModuleBridge.m */ = {isa = PBXFileReference; lastKnownFileType = sourcecode.c.objc; path = MeasurementModuleBridge.m; sourceTree = "<group>"; };
		C23D82962ECC017800AEB5BC /* VisionBodyPose.swift */ = {isa = PBXFileReference; lastKnownFileType = sourcecode.swift; path = VisionBodyPose.swift; sourceTree = "<group>"; };
		C251AC662ED1538400DCBF90 /* ARBodyTrackingViewController.swift */ = {isa = PBXFileReference; lastKnownFileType = sourcecode.swift; path = ARBodyTrackingViewController.swift; sourceTree = "<group>"; };
		C251AC672ED1538400DCBF90 /* ARKitContainerView.swift */ = {isa = PBXFileReference; lastKnownFileType = sourcecode.swift; path = ARKitContainerView.swift; sourceTree = "<group>"; };
		C251AC682ED1538400DCBF90 /* ARKitModule.swift */ = {isa = PBXFileReference; lastKnownFileType = sourcecode.swift; path = ARKitModule.swift; sourceTree = "<group>"; };
		C251AC692ED1538400DCBF90 /* ARKitModuleBridge.m */ = {isa = PBXFileReference; lastKnownFileType = sourcecode.c.objc; path = ARKitModuleBridge.m; sourceTree = "<group>"; };
		C251AC6A2ED1538400DCBF90 /* ARKitModuleSpec.mm */ = {isa = PBXFileReference; lastKnownFileType = sourcecode.cpp.objcpp; path = ARKitModuleSpec.mm; sourceTree = "<group>"; };
		C251AC6B2ED1538400DCBF90 /* ARKitViewManager.swift */ = {isa = PBXFileReference; lastKnownFileType = sourcecode.swift; path = ARKitViewManager.swift; sourceTree = "<group>"; };
		C251AC6C2ED1538400DCBF90 /* ARKitViewManagerBridge.m */ = {isa = PBXFileReference; lastKnownFileType = sourcecode.c.objc; path = ARKitViewManagerBridge.m; sourceTree = "<group>"; };
		C251AC6D2ED1538400DCBF90 /* ARKitViewManagerSpec.m */ = {isa = PBXFileReference; lastKnownFileType = sourcecode.c.objc; path = ARKitViewManagerSpec.m; sourceTree = "<group>"; };
		C25ACD1D2ED926920079C030 /* HeadPoseModuleBridge.m */ = {isa = PBXFileReference; lastKnownFileType = sourcecode.c.objc; path = HeadPoseModuleBridge.m; sourceTree = "<group>"; };
		C25CCD3B2EC99CB30079777C /* StylIQDynamicIslandBridge.m */ = {isa = PBXFileReference; lastKnownFileType = sourcecode.c.objc; name = StylIQDynamicIslandBridge.m; path = StylIQ/StylIQDynamicIslandBridge.m; sourceTree = "<group>"; };
		C25CCD3C2EC99CB30079777C /* StylIQDynamicIslandModule.swift */ = {isa = PBXFileReference; lastKnownFileType = sourcecode.swift; name = StylIQDynamicIslandModule.swift; path = StylIQ/StylIQDynamicIslandModule.swift; sourceTree = "<group>"; };
		C278CC642EC9BA1500EC355E /* StylIQLiveActivityExtension.appex */ = {isa = PBXFileReference; explicitFileType = "wrapper.app-extension"; includeInIndex = 0; path = StylIQLiveActivityExtension.appex; sourceTree = BUILT_PRODUCTS_DIR; };
		C278CC802ECA4E2100EC355E /* SceneDelegate.swift */ = {isa = PBXFileReference; lastKnownFileType = sourcecode.swift; path = SceneDelegate.swift; sourceTree = "<group>"; };
		C27CD61F2E776F2F00EFDA95 /* GoogleService-Info.plist */ = {isa = PBXFileReference; lastKnownFileType = text.plist.xml; path = "GoogleService-Info.plist"; sourceTree = "<group>"; };
		C2B048092DE5028A003F0FFE /* StylIQ.entitlements */ = {isa = PBXFileReference; lastKnownFileType = text.plist.entitlements; name = StylIQ.entitlements; path = StylIQ/StylIQ.entitlements; sourceTree = "<group>"; };
		C2BCDBEC2EC13DFC003B1420 /* main.jsbundle */ = {isa = PBXFileReference; lastKnownFileType = text; path = main.jsbundle; sourceTree = "<group>"; };
		C2C0B7C62F00A96A0011D16E /* KeychainAuthBridgeModule.swift */ = {isa = PBXFileReference; lastKnownFileType = sourcecode.swift; path = KeychainAuthBridgeModule.swift; sourceTree = "<group>"; };
		C2C0B7C72F00A96A0011D16E /* KeychainAuthBridgeModuleBridge.m */ = {isa = PBXFileReference; lastKnownFileType = sourcecode.c.objc; path = KeychainAuthBridgeModuleBridge.m; sourceTree = "<group>"; };
		C2C53F922ED91F2200108BF6 /* HeadPoseModule.swift */ = {isa = PBXFileReference; lastKnownFileType = sourcecode.swift; path = HeadPoseModule.swift; sourceTree = "<group>"; };
		C2C9A6542EFA5F2600542433 /* ImageSaverModule.swift */ = {isa = PBXFileReference; lastKnownFileType = sourcecode.swift; name = ImageSaverModule.swift; path = StylIQ/ImageSaverModule.swift; sourceTree = "<group>"; };
		C2C9A6552EFA5F2600542433 /* ImageSaverModuleBridge.m */ = {isa = PBXFileReference; lastKnownFileType = sourcecode.c.objc; name = ImageSaverModuleBridge.m; path = StylIQ/ImageSaverModuleBridge.m; sourceTree = "<group>"; };
		C2D0CF6D2ED798BE0033133C /* EmotionModule.swift */ = {isa = PBXFileReference; lastKnownFileType = sourcecode.swift; path = EmotionModule.swift; sourceTree = "<group>"; };
		C2D0CF6E2ED798BE0033133C /* EmotionModuleBridge.m */ = {isa = PBXFileReference; lastKnownFileType = sourcecode.c.objc; path = EmotionModuleBridge.m; sourceTree = "<group>"; };
		C2DCB8E22EDA11470048328C /* HandTrackingModule.m */ = {isa = PBXFileReference; lastKnownFileType = sourcecode.c.objc; path = HandTrackingModule.m; sourceTree = "<group>"; };
		C2DCB8E32EDA11470048328C /* HandTrackingModule.swift */ = {isa = PBXFileReference; lastKnownFileType = sourcecode.swift; path = HandTrackingModule.swift; sourceTree = "<group>"; };
		DD50ECA303AFE13BDE439D58 /* Pods-StylIQ.release.xcconfig */ = {isa = PBXFileReference; includeInIndex = 1; lastKnownFileType = text.xcconfig; name = "Pods-StylIQ.release.xcconfig"; path = "Target Support Files/Pods-StylIQ/Pods-StylIQ.release.xcconfig"; sourceTree = "<group>"; };
		E4C7EBD29344171E2BC84D57 /* Pods-StylIQ.debug.xcconfig */ = {isa = PBXFileReference; includeInIndex = 1; lastKnownFileType = text.xcconfig; name = "Pods-StylIQ.debug.xcconfig"; path = "Target Support Files/Pods-StylIQ/Pods-StylIQ.debug.xcconfig"; sourceTree = "<group>"; };
		ED297162215061F000B7C4FE /* JavaScriptCore.framework */ = {isa = PBXFileReference; lastKnownFileType = wrapper.framework; name = JavaScriptCore.framework; path = System/Library/Frameworks/JavaScriptCore.framework; sourceTree = SDKROOT; };
/* End PBXFileReference section */

/* Begin PBXFileSystemSynchronizedBuildFileExceptionSet section */
		C26D06EA2ED7AD4D00DFF58E /* Exceptions for "Mentalist" folder in "en" target */ = {
			isa = PBXFileSystemSynchronizedBuildFileExceptionSet;
			membershipExceptions = (
				Sources/Mentalist/FaceImageTool.swift,
				Sources/Mentalist/MLCore.swift,
				Sources/Mentalist/Model/Emotion.swift,
				Sources/Mentalist/Model/EmotionAnalysis.swift,
				Sources/Mentalist/Resources/FacialExpressionModel.mlpackage,
			);
			target = 13B07F861A680F5B00A75B9A /* en */;
		};
		C278CC762EC9BA1600EC355E /* Exceptions for "StylIQLiveActivity" folder in "StylIQLiveActivityExtension" target */ = {
			isa = PBXFileSystemSynchronizedBuildFileExceptionSet;
			membershipExceptions = (
				Info.plist,
			);
			target = C278CC632EC9BA1500EC355E /* StylIQLiveActivityExtension */;
		};
		C278CC7F2ECA466400EC355E /* Exceptions for "StylIQLiveActivity" folder in "en" target */ = {
			isa = PBXFileSystemSynchronizedBuildFileExceptionSet;
			membershipExceptions = (
				StylIQLiveActivityAttributes.swift,
			);
			target = 13B07F861A680F5B00A75B9A /* en */;
		};
/* End PBXFileSystemSynchronizedBuildFileExceptionSet section */

/* Begin PBXFileSystemSynchronizedRootGroup section */
		C278CC672EC9BA1500EC355E /* StylIQLiveActivity */ = {
			isa = PBXFileSystemSynchronizedRootGroup;
			exceptions = (
				C278CC7F2ECA466400EC355E /* Exceptions for "StylIQLiveActivity" folder in "en" target */,
				C278CC762EC9BA1600EC355E /* Exceptions for "StylIQLiveActivity" folder in "StylIQLiveActivityExtension" target */,
			);
			path = StylIQLiveActivity;
			sourceTree = "<group>";
		};
		C2D0CFCF2ED79F090033133C /* Mentalist */ = {
			isa = PBXFileSystemSynchronizedRootGroup;
			exceptions = (
				C26D06EA2ED7AD4D00DFF58E /* Exceptions for "Mentalist" folder in "en" target */,
			);
			path = Mentalist;
			sourceTree = "<group>";
		};
/* End PBXFileSystemSynchronizedRootGroup section */

/* Begin PBXFrameworksBuildPhase section */
		00E356EB1AD99517003FC87E /* Frameworks */ = {
			isa = PBXFrameworksBuildPhase;
			buildActionMask = 2147483647;
			files = (
			);
			runOnlyForDeploymentPostprocessing = 0;
		};
		13B07F8C1A680F5B00A75B9A /* Frameworks */ = {
			isa = PBXFrameworksBuildPhase;
			buildActionMask = 2147483647;
			files = (
				BDE0F410869F23B78CDE927D /* Pods_StylIQ.framework in Frameworks */,
			);
			runOnlyForDeploymentPostprocessing = 0;
		};
		C278CC612EC9BA1500EC355E /* Frameworks */ = {
			isa = PBXFrameworksBuildPhase;
			buildActionMask = 2147483647;
			files = (
				C278CC662EC9BA1500EC355E /* SwiftUI.framework in Frameworks */,
				C278CC652EC9BA1500EC355E /* WidgetKit.framework in Frameworks */,
			);
			runOnlyForDeploymentPostprocessing = 0;
		};
/* End PBXFrameworksBuildPhase section */

/* Begin PBXGroup section */
		00E356EF1AD99517003FC87E /* StylIQTests */ = {
			isa = PBXGroup;
			children = (
				00E356F21AD99517003FC87E /* StylIQTests.m */,
				00E356F01AD99517003FC87E /* Supporting Files */,
			);
			path = StylIQTests;
			sourceTree = "<group>";
		};
		00E356F01AD99517003FC87E /* Supporting Files */ = {
			isa = PBXGroup;
			children = (
				00E356F11AD99517003FC87E /* Info.plist */,
			);
			name = "Supporting Files";
			sourceTree = "<group>";
		};
		13B07FAE1A68108700A75B9A /* StylIQ */ = {
			isa = PBXGroup;
			children = (
				C27CD61F2E776F2F00EFDA95 /* GoogleService-Info.plist */,
				C2B048092DE5028A003F0FFE /* StylIQ.entitlements */,
				13B07FB51A68108700A75B9A /* Images.xcassets */,
				13B07FB61A68108700A75B9A /* Info.plist */,
				C2BCDBEC2EC13DFC003B1420 /* main.jsbundle */,
				81AB9BB72411601600AC10FF /* LaunchScreen.storyboard */,
				38E07049D3F79A12A97DCDFE /* PrivacyInfo.xcprivacy */,
				C4DE665754E206B15B3A6298 /* Resources */,
			);
			name = StylIQ;
			sourceTree = "<group>";
		};
		2D16E6871FA4F8E400B85C8A /* Frameworks */ = {
			isa = PBXGroup;
			children = (
				ED297162215061F000B7C4FE /* JavaScriptCore.framework */,
			);
			name = Frameworks;
			sourceTree = "<group>";
		};
		832341AE1AAA6A7D00B99B32 /* Libraries */ = {
			isa = PBXGroup;
			children = (
			);
			name = Libraries;
			sourceTree = "<group>";
		};
		83CBB9F61A601CBA00E9B192 = {
			isa = PBXGroup;
			children = (
				C2C0B7C82F00A96A0011D16E /* KeychainAuthBridge */,
				C2C9A6542EFA5F2600542433 /* ImageSaverModule.swift */,
				C2C9A6552EFA5F2600542433 /* ImageSaverModuleBridge.m */,
				C2DCB8E22EDA11470048328C /* HandTrackingModule.m */,
				C2DCB8E32EDA11470048328C /* HandTrackingModule.swift */,
				C25ACD1D2ED926920079C030 /* HeadPoseModuleBridge.m */,
				C2C53F922ED91F2200108BF6 /* HeadPoseModule.swift */,
				C2D0CF6D2ED798BE0033133C /* EmotionModule.swift */,
				C2D0CF6E2ED798BE0033133C /* EmotionModuleBridge.m */,
				C251AC6E2ED1538400DCBF90 /* ARKit */,
				C23D82972ECC017800AEB5BC /* MeasurementModule */,
				C278CC802ECA4E2100EC355E /* SceneDelegate.swift */,
				C25CCD3B2EC99CB30079777C /* StylIQDynamicIslandBridge.m */,
				C25CCD3C2EC99CB30079777C /* StylIQDynamicIslandModule.swift */,
				C278CC672EC9BA1500EC355E /* StylIQLiveActivity */,
				C2D0CFCF2ED79F090033133C /* Mentalist */,
				C2154D182EA80F5E00A05E5C /* Frameworks */,
				13B07FAE1A68108700A75B9A /* StylIQ */,
				832341AE1AAA6A7D00B99B32 /* Libraries */,
				00E356EF1AD99517003FC87E /* StylIQTests */,
				83CBBA001A601CBA00E9B192 /* Products */,
				2D16E6871FA4F8E400B85C8A /* Frameworks */,
				BBD78D7AC51CEA395F1C20DB /* Pods */,
				C2C0ADD72EB6FAF9001EF50A /* Recovered References */,
			);
			indentWidth = 2;
			sourceTree = "<group>";
			tabWidth = 2;
			usesTabs = 0;
		};
		83CBBA001A601CBA00E9B192 /* Products */ = {
			isa = PBXGroup;
			children = (
				13B07F961A680F5B00A75B9A /* StylIQ.app */,
				00E356EE1AD99517003FC87E /* StylIQTests.xctest */,
				C278CC642EC9BA1500EC355E /* StylIQLiveActivityExtension.appex */,
			);
			name = Products;
			sourceTree = "<group>";
		};
		BBD78D7AC51CEA395F1C20DB /* Pods */ = {
			isa = PBXGroup;
			children = (
				E4C7EBD29344171E2BC84D57 /* Pods-StylIQ.debug.xcconfig */,
				DD50ECA303AFE13BDE439D58 /* Pods-StylIQ.release.xcconfig */,
			);
			path = Pods;
			sourceTree = "<group>";
		};
		C2154D172EA80F5E00A05E5C /* universal */ = {
			isa = PBXGroup;
			children = (
				C2154D162EA80F5E00A05E5C /* hermes.xcframework */,
			);
			path = universal;
			sourceTree = "<group>";
		};
		C2154D182EA80F5E00A05E5C /* Frameworks */ = {
			isa = PBXGroup;
			children = (
				C2154D172EA80F5E00A05E5C /* universal */,
				C23B5A972EC97D45009FAACE /* WidgetKit.framework */,
				C23B5A992EC97D46009FAACE /* SwiftUI.framework */,
				9CD096C47B2921766CD49974 /* Pods_StylIQ.framework */,
			);
			name = Frameworks;
			path = "Pods/hermes-engine/destroot/Library/Frameworks";
			sourceTree = "<group>";
		};
		C23D82972ECC017800AEB5BC /* MeasurementModule */ = {
			isa = PBXGroup;
			children = (
				C23D82932ECC017800AEB5BC /* MeasurementMath.swift */,
				C23D82942ECC017800AEB5BC /* MeasurementModule.swift */,
				C23D82952ECC017800AEB5BC /* MeasurementModuleBridge.m */,
				C23D82962ECC017800AEB5BC /* VisionBodyPose.swift */,
			);
			name = MeasurementModule;
			path = StylIQ/MeasurementModule;
			sourceTree = "<group>";
		};
		C251AC6E2ED1538400DCBF90 /* ARKit */ = {
			isa = PBXGroup;
			children = (
				C251AC662ED1538400DCBF90 /* ARBodyTrackingViewController.swift */,
				C251AC672ED1538400DCBF90 /* ARKitContainerView.swift */,
				C251AC682ED1538400DCBF90 /* ARKitModule.swift */,
				C251AC692ED1538400DCBF90 /* ARKitModuleBridge.m */,
				C251AC6A2ED1538400DCBF90 /* ARKitModuleSpec.mm */,
				C251AC6B2ED1538400DCBF90 /* ARKitViewManager.swift */,
				C251AC6C2ED1538400DCBF90 /* ARKitViewManagerBridge.m */,
				C251AC6D2ED1538400DCBF90 /* ARKitViewManagerSpec.m */,
			);
			name = ARKit;
			path = StylIQ/ARKit;
			sourceTree = "<group>";
		};
		C2C0ADD72EB6FAF9001EF50A /* Recovered References */ = {
			isa = PBXGroup;
			children = (
				761780EC2CA45674006654EE /* AppDelegate.swift */,
			);
			name = "Recovered References";
			sourceTree = "<group>";
		};
		C2C0B7C82F00A96A0011D16E /* KeychainAuthBridge */ = {
			isa = PBXGroup;
			children = (
				C2C0B7C62F00A96A0011D16E /* KeychainAuthBridgeModule.swift */,
				C2C0B7C72F00A96A0011D16E /* KeychainAuthBridgeModuleBridge.m */,
			);
			name = KeychainAuthBridge;
			path = StylIQ/KeychainAuthBridge;
			sourceTree = "<group>";
		};
		C4DE665754E206B15B3A6298 /* Resources */ = {
			isa = PBXGroup;
			children = (
			);
			name = Resources;
			sourceTree = "<group>";
		};
/* End PBXGroup section */

/* Begin PBXNativeTarget section */
		00E356ED1AD99517003FC87E /* StylIQTests */ = {
			isa = PBXNativeTarget;
			buildConfigurationList = 00E357021AD99517003FC87E /* Build configuration list for PBXNativeTarget "StylIQTests" */;
			buildPhases = (
				00E356EA1AD99517003FC87E /* Sources */,
				00E356EB1AD99517003FC87E /* Frameworks */,
				00E356EC1AD99517003FC87E /* Resources */,
			);
			buildRules = (
			);
			dependencies = (
				00E356F51AD99517003FC87E /* PBXTargetDependency */,
			);
			name = StylIQTests;
			productName = StylIQTests;
			productReference = 00E356EE1AD99517003FC87E /* StylIQTests.xctest */;
			productType = "com.apple.product-type.bundle.unit-test";
		};
		13B07F861A680F5B00A75B9A /* en */ = {
			isa = PBXNativeTarget;
			buildConfigurationList = 13B07F931A680F5B00A75B9A /* Build configuration list for PBXNativeTarget "en" */;
			buildPhases = (
				9211655D494D06ABCABD6A9D /* [CP] Check Pods Manifest.lock */,
				13B07F871A680F5B00A75B9A /* Sources */,
				13B07F8C1A680F5B00A75B9A /* Frameworks */,
				13B07F8E1A680F5B00A75B9A /* Resources */,
				C22FB2E72EC12BB90015F7B5 /* Start Packager */,
				00DD1BFF1BD5951E006B06BC /* Bundle React Native code and images */,
				C257D13C2ECA984000E90D56 /* Embed App Extensions */,
				C2D0CFDB2ED79F090033133C /* Embed Frameworks */,
				307973CA9A9FD19432ED7A5B /* [CP] Embed Pods Frameworks */,
				B92AB80D212045982732B963 /* [CP] Copy Pods Resources */,
				0B890A5999A50376ACD5E5F2 /* [CP-User] [RNFB] Core Configuration */,
			);
			buildRules = (
			);
			dependencies = (
			);
			name = en;
			productName = StylIQ;
			productReference = 13B07F961A680F5B00A75B9A /* StylIQ.app */;
			productType = "com.apple.product-type.application";
		};
		C278CC632EC9BA1500EC355E /* StylIQLiveActivityExtension */ = {
			isa = PBXNativeTarget;
			buildConfigurationList = C278CC772EC9BA1600EC355E /* Build configuration list for PBXNativeTarget "StylIQLiveActivityExtension" */;
			buildPhases = (
				C278CC602EC9BA1500EC355E /* Sources */,
				C278CC612EC9BA1500EC355E /* Frameworks */,
				C278CC622EC9BA1500EC355E /* Resources */,
			);
			buildRules = (
			);
			dependencies = (
			);
			fileSystemSynchronizedGroups = (
				C278CC672EC9BA1500EC355E /* StylIQLiveActivity */,
			);
			name = StylIQLiveActivityExtension;
			productName = StylIQLiveActivityExtension;
			productReference = C278CC642EC9BA1500EC355E /* StylIQLiveActivityExtension.appex */;
			productType = "com.apple.product-type.app-extension";
		};
/* End PBXNativeTarget section */

/* Begin PBXProject section */
		83CBB9F71A601CBA00E9B192 /* Project object */ = {
			isa = PBXProject;
			attributes = {
				BuildIndependentTargetsInParallel = YES;
				LastSwiftUpdateCheck = 2600;
				LastUpgradeCheck = 1620;
				TargetAttributes = {
					00E356ED1AD99517003FC87E = {
						CreatedOnToolsVersion = 6.2;
						TestTargetID = 13B07F861A680F5B00A75B9A;
					};
					13B07F861A680F5B00A75B9A = {
						LastSwiftMigration = 2600;
					};
					C278CC632EC9BA1500EC355E = {
						CreatedOnToolsVersion = 26.0.1;
					};
				};
			};
			buildConfigurationList = 83CBB9FA1A601CBA00E9B192 /* Build configuration list for PBXProject "StylIQ" */;
			developmentRegion = en;
			hasScannedForEncodings = 0;
			knownRegions = (
				en,
				Base,
			);
			mainGroup = 83CBB9F61A601CBA00E9B192;
			preferredProjectObjectVersion = 77;
			productRefGroup = 83CBBA001A601CBA00E9B192 /* Products */;
			projectDirPath = "";
			projectRoot = "";
			targets = (
				13B07F861A680F5B00A75B9A /* en */,
				00E356ED1AD99517003FC87E /* StylIQTests */,
				C278CC632EC9BA1500EC355E /* StylIQLiveActivityExtension */,
			);
		};
/* End PBXProject section */

/* Begin PBXResourcesBuildPhase section */
		00E356EC1AD99517003FC87E /* Resources */ = {
			isa = PBXResourcesBuildPhase;
			buildActionMask = 2147483647;
			files = (
			);
			runOnlyForDeploymentPostprocessing = 0;
		};
		13B07F8E1A680F5B00A75B9A /* Resources */ = {
			isa = PBXResourcesBuildPhase;
			buildActionMask = 2147483647;
			files = (
				81AB9BB82411601600AC10FF /* LaunchScreen.storyboard in Resources */,
				13B07FBF1A68108700A75B9A /* Images.xcassets in Resources */,
				C2BCDBED2EC13DFC003B1420 /* main.jsbundle in Resources */,
				C27CD6202E776F2F00EFDA95 /* GoogleService-Info.plist in Resources */,
				125A43E1255F9EE05FF4207C /* PrivacyInfo.xcprivacy in Resources */,
			);
			runOnlyForDeploymentPostprocessing = 0;
		};
		C278CC622EC9BA1500EC355E /* Resources */ = {
			isa = PBXResourcesBuildPhase;
			buildActionMask = 2147483647;
			files = (
			);
			runOnlyForDeploymentPostprocessing = 0;
		};
/* End PBXResourcesBuildPhase section */

/* Begin PBXShellScriptBuildPhase section */
		00DD1BFF1BD5951E006B06BC /* Bundle React Native code and images */ = {
			isa = PBXShellScriptBuildPhase;
			buildActionMask = 2147483647;
			files = (
			);
			inputFileListPaths = (
			);
			inputPaths = (
				"$(SRCROOT)/.xcode.env.local",
				"$(SRCROOT)/.xcode.env",
			);
			name = "Bundle React Native code and images";
			outputFileListPaths = (
			);
			outputPaths = (
			);
			runOnlyForDeploymentPostprocessing = 1;
			shellPath = /bin/sh;
			shellScript = "set -e\nexport NODE_BINARY=/Users/giffinmike/.nvm/versions/node/v20.11.0/bin/node\n../node_modules/react-native/scripts/react-native-xcode.sh\n";
		};
		0B890A5999A50376ACD5E5F2 /* [CP-User] [RNFB] Core Configuration */ = {
			isa = PBXShellScriptBuildPhase;
			buildActionMask = 2147483647;
			files = (
			);
			inputPaths = (
				"$(BUILT_PRODUCTS_DIR)/$(INFOPLIST_PATH)",
			);
			name = "[CP-User] [RNFB] Core Configuration";
			outputPaths = (
			);
			runOnlyForDeploymentPostprocessing = 0;
			shellPath = /bin/sh;
			shellScript = "#!/usr/bin/env bash\n#\n# Copyright (c) 2016-present Invertase Limited & Contributors\n#\n# Licensed under the Apache License, Version 2.0 (the \"License\");\n# you may not use this library except in compliance with the License.\n# You may obtain a copy of the License at\n#\n#   http://www.apache.org/licenses/LICENSE-2.0\n#\n# Unless required by applicable law or agreed to in writing, software\n# distributed under the License is distributed on an \"AS IS\" BASIS,\n# WITHOUT WARRANTIES OR CONDITIONS OF ANY KIND, either express or implied.\n# See the License for the specific language governing permissions and\n# limitations under the License.\n#\n\n##########################################################################\n##########################################################################\n#\n#  NOTE THAT IF YOU CHANGE THIS FILE YOU MUST RUN pod install AFTERWARDS\n#\n#  This file is installed as an Xcode build script in the project file\n#  by cocoapods, and you will not see your changes until you pod install\n#\n##########################################################################\n##########################################################################\n\nset -e\n\n_MAX_LOOKUPS=2;\n_SEARCH_RESULT=''\n_RN_ROOT_EXISTS=''\n_CURRENT_LOOKUPS=1\n_JSON_ROOT=\"'react-native'\"\n_JSON_FILE_NAME='firebase.json'\n_JSON_OUTPUT_BASE64='e30=' # { }\n_CURRENT_SEARCH_DIR=${PROJECT_DIR}\n_PLIST_BUDDY=/usr/libexec/PlistBuddy\n_TARGET_PLIST=\"${BUILT_PRODUCTS_DIR}/${INFOPLIST_PATH}\"\n_DSYM_PLIST=\"${DWARF_DSYM_FOLDER_PATH}/${DWARF_DSYM_FILE_NAME}/Contents/Info.plist\"\n\n# plist arrays\n_PLIST_ENTRY_KEYS=()\n_PLIST_ENTRY_TYPES=()\n_PLIST_ENTRY_VALUES=()\n\nfunction setPlistValue {\n  echo \"info:      setting plist entry '$1' of type '$2' in file '$4'\"\n  ${_PLIST_BUDDY} -c \"Add :$1 $2 '$3'\" $4 || echo \"info:      '$1' already exists\"\n}\n\nfunction getFirebaseJsonKeyValue () {\n  if [[ ${_RN_ROOT_EXISTS} ]]; then\n    ruby -Ku -e \"require 'rubygems';require 'json'; output=JSON.parse('$1'); puts output[$_JSON_ROOT]['$2']\"\n  else\n    echo \"\"\n  fi;\n}\n\nfunction jsonBoolToYesNo () {\n  if [[ $1 == \"false\" ]]; then\n    echo \"NO\"\n  elif [[ $1 == \"true\" ]]; then\n    echo \"YES\"\n  else echo \"NO\"\n  fi\n}\n\necho \"info: -> RNFB build script started\"\necho \"info: 1) Locating ${_JSON_FILE_NAME} file:\"\n\nif [[ -z ${_CURRENT_SEARCH_DIR} ]]; then\n  _CURRENT_SEARCH_DIR=$(pwd)\nfi;\n\nwhile true; do\n  _CURRENT_SEARCH_DIR=$(dirname \"$_CURRENT_SEARCH_DIR\")\n  if [[ \"$_CURRENT_SEARCH_DIR\" == \"/\" ]] || [[ ${_CURRENT_LOOKUPS} -gt ${_MAX_LOOKUPS} ]]; then break; fi;\n  echo \"info:      ($_CURRENT_LOOKUPS of $_MAX_LOOKUPS) Searching in '$_CURRENT_SEARCH_DIR' for a ${_JSON_FILE_NAME} file.\"\n  _SEARCH_RESULT=$(find \"$_CURRENT_SEARCH_DIR\" -maxdepth 2 -name ${_JSON_FILE_NAME} -print | /usr/bin/head -n 1)\n  if [[ ${_SEARCH_RESULT} ]]; then\n    echo \"info:      ${_JSON_FILE_NAME} found at $_SEARCH_RESULT\"\n    break;\n  fi;\n  _CURRENT_LOOKUPS=$((_CURRENT_LOOKUPS+1))\ndone\n\nif [[ ${_SEARCH_RESULT} ]]; then\n  _JSON_OUTPUT_RAW=$(cat \"${_SEARCH_RESULT}\")\n  _RN_ROOT_EXISTS=$(ruby -Ku -e \"require 'rubygems';require 'json'; output=JSON.parse('$_JSON_OUTPUT_RAW'); puts output[$_JSON_ROOT]\" || echo '')\n\n  if [[ ${_RN_ROOT_EXISTS} ]]; then\n    if ! python3 --version >/dev/null 2>&1; then echo \"python3 not found, firebase.json file processing error.\" && exit 1; fi\n    _JSON_OUTPUT_BASE64=$(python3 -c 'import json,sys,base64;print(base64.b64encode(bytes(json.dumps(json.loads(open('\"'${_SEARCH_RESULT}'\"', '\"'rb'\"').read())['${_JSON_ROOT}']), '\"'utf-8'\"')).decode())' || echo \"e30=\")\n  fi\n\n  _PLIST_ENTRY_KEYS+=(\"firebase_json_raw\")\n  _PLIST_ENTRY_TYPES+=(\"string\")\n  _PLIST_ENTRY_VALUES+=(\"$_JSON_OUTPUT_BASE64\")\n\n  # config.app_data_collection_default_enabled\n  _APP_DATA_COLLECTION_ENABLED=$(getFirebaseJsonKeyValue \"$_JSON_OUTPUT_RAW\" \"app_data_collection_default_enabled\")\n  if [[ $_APP_DATA_COLLECTION_ENABLED ]]; then\n    _PLIST_ENTRY_KEYS+=(\"FirebaseDataCollectionDefaultEnabled\")\n    _PLIST_ENTRY_TYPES+=(\"bool\")\n    _PLIST_ENTRY_VALUES+=(\"$(jsonBoolToYesNo \"$_APP_DATA_COLLECTION_ENABLED\")\")\n  fi\n\n  # config.analytics_auto_collection_enabled\n  _ANALYTICS_AUTO_COLLECTION=$(getFirebaseJsonKeyValue \"$_JSON_OUTPUT_RAW\" \"analytics_auto_collection_enabled\")\n  if [[ $_ANALYTICS_AUTO_COLLECTION ]]; then\n    _PLIST_ENTRY_KEYS+=(\"FIREBASE_ANALYTICS_COLLECTION_ENABLED\")\n    _PLIST_ENTRY_TYPES+=(\"bool\")\n    _PLIST_ENTRY_VALUES+=(\"$(jsonBoolToYesNo \"$_ANALYTICS_AUTO_COLLECTION\")\")\n  fi\n\n  # config.analytics_collection_deactivated\n  _ANALYTICS_DEACTIVATED=$(getFirebaseJsonKeyValue \"$_JSON_OUTPUT_RAW\" \"analytics_collection_deactivated\")\n  if [[ $_ANALYTICS_DEACTIVATED ]]; then\n    _PLIST_ENTRY_KEYS+=(\"FIREBASE_ANALYTICS_COLLECTION_DEACTIVATED\")\n    _PLIST_ENTRY_TYPES+=(\"bool\")\n    _PLIST_ENTRY_VALUES+=(\"$(jsonBoolToYesNo \"$_ANALYTICS_DEACTIVATED\")\")\n  fi\n\n  # config.analytics_idfv_collection_enabled\n  _ANALYTICS_IDFV_COLLECTION=$(getFirebaseJsonKeyValue \"$_JSON_OUTPUT_RAW\" \"analytics_idfv_collection_enabled\")\n  if [[ $_ANALYTICS_IDFV_COLLECTION ]]; then\n    _PLIST_ENTRY_KEYS+=(\"GOOGLE_ANALYTICS_IDFV_COLLECTION_ENABLED\")\n    _PLIST_ENTRY_TYPES+=(\"bool\")\n    _PLIST_ENTRY_VALUES+=(\"$(jsonBoolToYesNo \"$_ANALYTICS_IDFV_COLLECTION\")\")\n  fi\n\n  # config.analytics_default_allow_analytics_storage\n  _ANALYTICS_STORAGE=$(getFirebaseJsonKeyValue \"$_JSON_OUTPUT_RAW\" \"analytics_default_allow_analytics_storage\")\n  if [[ $_ANALYTICS_STORAGE ]]; then\n    _PLIST_ENTRY_KEYS+=(\"GOOGLE_ANALYTICS_DEFAULT_ALLOW_ANALYTICS_STORAGE\")\n    _PLIST_ENTRY_TYPES+=(\"bool\")\n    _PLIST_ENTRY_VALUES+=(\"$(jsonBoolToYesNo \"$_ANALYTICS_STORAGE\")\")\n  fi\n\n  # config.analytics_default_allow_ad_storage\n  _ANALYTICS_AD_STORAGE=$(getFirebaseJsonKeyValue \"$_JSON_OUTPUT_RAW\" \"analytics_default_allow_ad_storage\")\n  if [[ $_ANALYTICS_AD_STORAGE ]]; then\n    _PLIST_ENTRY_KEYS+=(\"GOOGLE_ANALYTICS_DEFAULT_ALLOW_AD_STORAGE\")\n    _PLIST_ENTRY_TYPES+=(\"bool\")\n    _PLIST_ENTRY_VALUES+=(\"$(jsonBoolToYesNo \"$_ANALYTICS_AD_STORAGE\")\")\n  fi\n\n  # config.analytics_default_allow_ad_user_data\n  _ANALYTICS_AD_USER_DATA=$(getFirebaseJsonKeyValue \"$_JSON_OUTPUT_RAW\" \"analytics_default_allow_ad_user_data\")\n  if [[ $_ANALYTICS_AD_USER_DATA ]]; then\n    _PLIST_ENTRY_KEYS+=(\"GOOGLE_ANALYTICS_DEFAULT_ALLOW_AD_USER_DATA\")\n    _PLIST_ENTRY_TYPES+=(\"bool\")\n    _PLIST_ENTRY_VALUES+=(\"$(jsonBoolToYesNo \"$_ANALYTICS_AD_USER_DATA\")\")\n  fi\n\n  # config.analytics_default_allow_ad_personalization_signals\n  _ANALYTICS_PERSONALIZATION=$(getFirebaseJsonKeyValue \"$_JSON_OUTPUT_RAW\" \"analytics_default_allow_ad_personalization_signals\")\n  if [[ $_ANALYTICS_PERSONALIZATION ]]; then\n    _PLIST_ENTRY_KEYS+=(\"GOOGLE_ANALYTICS_DEFAULT_ALLOW_AD_PERSONALIZATION_SIGNALS\")\n    _PLIST_ENTRY_TYPES+=(\"bool\")\n    _PLIST_ENTRY_VALUES+=(\"$(jsonBoolToYesNo \"$_ANALYTICS_PERSONALIZATION\")\")\n  fi\n\n  # config.analytics_registration_with_ad_network_enabled\n  _ANALYTICS_REGISTRATION_WITH_AD_NETWORK=$(getFirebaseJsonKeyValue \"$_JSON_OUTPUT_RAW\" \"google_analytics_registration_with_ad_network_enabled\")\n  if [[ $_ANALYTICS_REGISTRATION_WITH_AD_NETWORK ]]; then\n    _PLIST_ENTRY_KEYS+=(\"GOOGLE_ANALYTICS_REGISTRATION_WITH_AD_NETWORK_ENABLED\")\n    _PLIST_ENTRY_TYPES+=(\"bool\")\n    _PLIST_ENTRY_VALUES+=(\"$(jsonBoolToYesNo \"$_ANALYTICS_REGISTRATION_WITH_AD_NETWORK\")\")\n  fi\n\n  # config.google_analytics_automatic_screen_reporting_enabled\n  _ANALYTICS_AUTO_SCREEN_REPORTING=$(getFirebaseJsonKeyValue \"$_JSON_OUTPUT_RAW\" \"google_analytics_automatic_screen_reporting_enabled\")\n  if [[ $_ANALYTICS_AUTO_SCREEN_REPORTING ]]; then\n    _PLIST_ENTRY_KEYS+=(\"FirebaseAutomaticScreenReportingEnabled\")\n    _PLIST_ENTRY_TYPES+=(\"bool\")\n    _PLIST_ENTRY_VALUES+=(\"$(jsonBoolToYesNo \"$_ANALYTICS_AUTO_SCREEN_REPORTING\")\")\n  fi\n\n  # config.perf_auto_collection_enabled\n  _PERF_AUTO_COLLECTION=$(getFirebaseJsonKeyValue \"$_JSON_OUTPUT_RAW\" \"perf_auto_collection_enabled\")\n  if [[ $_PERF_AUTO_COLLECTION ]]; then\n    _PLIST_ENTRY_KEYS+=(\"firebase_performance_collection_enabled\")\n    _PLIST_ENTRY_TYPES+=(\"bool\")\n    _PLIST_ENTRY_VALUES+=(\"$(jsonBoolToYesNo \"$_PERF_AUTO_COLLECTION\")\")\n  fi\n\n  # config.perf_collection_deactivated\n  _PERF_DEACTIVATED=$(getFirebaseJsonKeyValue \"$_JSON_OUTPUT_RAW\" \"perf_collection_deactivated\")\n  if [[ $_PERF_DEACTIVATED ]]; then\n    _PLIST_ENTRY_KEYS+=(\"firebase_performance_collection_deactivated\")\n    _PLIST_ENTRY_TYPES+=(\"bool\")\n    _PLIST_ENTRY_VALUES+=(\"$(jsonBoolToYesNo \"$_PERF_DEACTIVATED\")\")\n  fi\n\n  # config.messaging_auto_init_enabled\n  _MESSAGING_AUTO_INIT=$(getFirebaseJsonKeyValue \"$_JSON_OUTPUT_RAW\" \"messaging_auto_init_enabled\")\n  if [[ $_MESSAGING_AUTO_INIT ]]; then\n    _PLIST_ENTRY_KEYS+=(\"FirebaseMessagingAutoInitEnabled\")\n    _PLIST_ENTRY_TYPES+=(\"bool\")\n    _PLIST_ENTRY_VALUES+=(\"$(jsonBoolToYesNo \"$_MESSAGING_AUTO_INIT\")\")\n  fi\n\n  # config.in_app_messaging_auto_colllection_enabled\n  _FIAM_AUTO_INIT=$(getFirebaseJsonKeyValue \"$_JSON_OUTPUT_RAW\" \"in_app_messaging_auto_collection_enabled\")\n  if [[ $_FIAM_AUTO_INIT ]]; then\n    _PLIST_ENTRY_KEYS+=(\"FirebaseInAppMessagingAutomaticDataCollectionEnabled\")\n    _PLIST_ENTRY_TYPES+=(\"bool\")\n    _PLIST_ENTRY_VALUES+=(\"$(jsonBoolToYesNo \"$_FIAM_AUTO_INIT\")\")\n  fi\n\n  # config.app_check_token_auto_refresh\n  _APP_CHECK_TOKEN_AUTO_REFRESH=$(getFirebaseJsonKeyValue \"$_JSON_OUTPUT_RAW\" \"app_check_token_auto_refresh\")\n  if [[ $_APP_CHECK_TOKEN_AUTO_REFRESH ]]; then\n    _PLIST_ENTRY_KEYS+=(\"FirebaseAppCheckTokenAutoRefreshEnabled\")\n    _PLIST_ENTRY_TYPES+=(\"bool\")\n    _PLIST_ENTRY_VALUES+=(\"$(jsonBoolToYesNo \"$_APP_CHECK_TOKEN_AUTO_REFRESH\")\")\n  fi\n\n  # config.crashlytics_disable_auto_disabler - undocumented for now - mainly for debugging, document if becomes useful\n  _CRASHLYTICS_AUTO_DISABLE_ENABLED=$(getFirebaseJsonKeyValue \"$_JSON_OUTPUT_RAW\" \"crashlytics_disable_auto_disabler\")\n  if [[ $_CRASHLYTICS_AUTO_DISABLE_ENABLED == \"true\" ]]; then\n    echo \"Disabled Crashlytics auto disabler.\" # do nothing\n  else\n    _PLIST_ENTRY_KEYS+=(\"FirebaseCrashlyticsCollectionEnabled\")\n    _PLIST_ENTRY_TYPES+=(\"bool\")\n    _PLIST_ENTRY_VALUES+=(\"NO\")\n  fi\nelse\n  _PLIST_ENTRY_KEYS+=(\"firebase_json_raw\")\n  _PLIST_ENTRY_TYPES+=(\"string\")\n  _PLIST_ENTRY_VALUES+=(\"$_JSON_OUTPUT_BASE64\")\n  echo \"warning:   A firebase.json file was not found, whilst this file is optional it is recommended to include it to configure firebase services in React Native Firebase.\"\nfi;\n\necho \"info: 2) Injecting Info.plist entries: \"\n\n# Log out the keys we're adding\nfor i in \"${!_PLIST_ENTRY_KEYS[@]}\"; do\n  echo \"    ->  $i) ${_PLIST_ENTRY_KEYS[$i]}\" \"${_PLIST_ENTRY_TYPES[$i]}\" \"${_PLIST_ENTRY_VALUES[$i]}\"\ndone\n\nfor plist in \"${_TARGET_PLIST}\" \"${_DSYM_PLIST}\" ; do\n  if [[ -f \"${plist}\" ]]; then\n\n    # paths with spaces break the call to setPlistValue. temporarily modify\n    # the shell internal field separator variable (IFS), which normally\n    # includes spaces, to consist only of line breaks\n    oldifs=$IFS\n    IFS=\"\n\"\n\n    for i in \"${!_PLIST_ENTRY_KEYS[@]}\"; do\n      setPlistValue \"${_PLIST_ENTRY_KEYS[$i]}\" \"${_PLIST_ENTRY_TYPES[$i]}\" \"${_PLIST_ENTRY_VALUES[$i]}\" \"${plist}\"\n    done\n\n    # restore the original internal field separator value\n    IFS=$oldifs\n  else\n    echo \"warning:   A Info.plist build output file was not found (${plist})\"\n  fi\ndone\n\necho \"info: <- RNFB build script finished\"\n";
		};
		307973CA9A9FD19432ED7A5B /* [CP] Embed Pods Frameworks */ = {
			isa = PBXShellScriptBuildPhase;
			buildActionMask = 2147483647;
			files = (
			);
			inputFileListPaths = (
				"${PODS_ROOT}/Target Support Files/Pods-StylIQ/Pods-StylIQ-frameworks-${CONFIGURATION}-input-files.xcfilelist",
			);
			inputPaths = (
			);
			name = "[CP] Embed Pods Frameworks";
			outputFileListPaths = (
				"${PODS_ROOT}/Target Support Files/Pods-StylIQ/Pods-StylIQ-frameworks-${CONFIGURATION}-output-files.xcfilelist",
			);
			outputPaths = (
			);
			runOnlyForDeploymentPostprocessing = 0;
			shellPath = /bin/sh;
			shellScript = "\"${PODS_ROOT}/Target Support Files/Pods-StylIQ/Pods-StylIQ-frameworks.sh\"\n";
			showEnvVarsInLog = 0;
		};
		9211655D494D06ABCABD6A9D /* [CP] Check Pods Manifest.lock */ = {
			isa = PBXShellScriptBuildPhase;
			buildActionMask = 2147483647;
			files = (
			);
			inputFileListPaths = (
			);
			inputPaths = (
				"${PODS_PODFILE_DIR_PATH}/Podfile.lock",
				"${PODS_ROOT}/Manifest.lock",
			);
			name = "[CP] Check Pods Manifest.lock";
			outputFileListPaths = (
			);
			outputPaths = (
				"$(DERIVED_FILE_DIR)/Pods-StylIQ-checkManifestLockResult.txt",
			);
			runOnlyForDeploymentPostprocessing = 0;
			shellPath = /bin/sh;
			shellScript = "diff \"${PODS_PODFILE_DIR_PATH}/Podfile.lock\" \"${PODS_ROOT}/Manifest.lock\" > /dev/null\nif [ $? != 0 ] ; then\n    # print error to STDERR\n    echo \"error: The sandbox is not in sync with the Podfile.lock. Run 'pod install' or update your CocoaPods installation.\" >&2\n    exit 1\nfi\n# This output is used by Xcode 'outputs' to avoid re-running this script phase.\necho \"SUCCESS\" > \"${SCRIPT_OUTPUT_FILE_0}\"\n";
			showEnvVarsInLog = 0;
		};
		B92AB80D212045982732B963 /* [CP] Copy Pods Resources */ = {
			isa = PBXShellScriptBuildPhase;
			buildActionMask = 2147483647;
			files = (
			);
			inputFileListPaths = (
				"${PODS_ROOT}/Target Support Files/Pods-StylIQ/Pods-StylIQ-resources-${CONFIGURATION}-input-files.xcfilelist",
			);
			inputPaths = (
			);
			name = "[CP] Copy Pods Resources";
			outputFileListPaths = (
				"${PODS_ROOT}/Target Support Files/Pods-StylIQ/Pods-StylIQ-resources-${CONFIGURATION}-output-files.xcfilelist",
			);
			outputPaths = (
			);
			runOnlyForDeploymentPostprocessing = 0;
			shellPath = /bin/sh;
			shellScript = "\"${PODS_ROOT}/Target Support Files/Pods-StylIQ/Pods-StylIQ-resources.sh\"\n";
			showEnvVarsInLog = 0;
		};
		C22FB2E72EC12BB90015F7B5 /* Start Packager */ = {
			isa = PBXShellScriptBuildPhase;
			buildActionMask = 2147483647;
			files = (
			);
			inputFileListPaths = (
			);
			inputPaths = (
			);
			name = "Start Packager";
			outputFileListPaths = (
			);
			outputPaths = (
			);
			runOnlyForDeploymentPostprocessing = 0;
			shellPath = /bin/sh;
			shellScript = "#!/bin/sh\nif [ \"$CONFIGURATION\" != \"Debug\" ]; then exit 0; fi\nexport RCT_METRO_PORT=\"${RCT_METRO_PORT:=8081}\"\necho \"export RCT_METRO_PORT=${RCT_METRO_PORT}\" > \"${SRCROOT}/../node_modules/react-native/scripts/.packager.env\"\necho \"⚠️  Make sure Metro is running: npx react-native start\"\nif ! nc -w 5 -z localhost ${RCT_METRO_PORT} ; then echo \"🔴  Metro not detected, but continuing\"; fi\nexit 0\n";
		};
/* End PBXShellScriptBuildPhase section */

/* Begin PBXSourcesBuildPhase section */
		00E356EA1AD99517003FC87E /* Sources */ = {
			isa = PBXSourcesBuildPhase;
			buildActionMask = 2147483647;
			files = (
				00E356F31AD99517003FC87E /* StylIQTests.m in Sources */,
			);
			runOnlyForDeploymentPostprocessing = 0;
		};
		13B07F871A680F5B00A75B9A /* Sources */ = {
			isa = PBXSourcesBuildPhase;
			buildActionMask = 2147483647;
			files = (
				C23D82982ECC017800AEB5BC /* MeasurementModuleBridge.m in Sources */,
				C23D82992ECC017800AEB5BC /* MeasurementModule.swift in Sources */,
				C23D829A2ECC017800AEB5BC /* MeasurementMath.swift in Sources */,
				C23D829B2ECC017800AEB5BC /* VisionBodyPose.swift in Sources */,
				C2C53F932ED91F2800108BF6 /* HeadPoseModule.swift in Sources */,
				C2DCB8E42EDA11470048328C /* HandTrackingModule.swift in Sources */,
				C2DCB8E52EDA11470048328C /* HandTrackingModule.m in Sources */,
				C278CC812ECA4E2100EC355E /* SceneDelegate.swift in Sources */,
				761780ED2CA45674006654EE /* AppDelegate.swift in Sources */,
				C25CCD3D2EC99CB30079777C /* StylIQDynamicIslandBridge.m in Sources */,
				C25CCD3E2EC99CB30079777C /* StylIQDynamicIslandModule.swift in Sources */,
				C251AC6F2ED1538400DCBF90 /* ARKitContainerView.swift in Sources */,
				C251AC702ED1538400DCBF90 /* ARKitModuleSpec.mm in Sources */,
				C251AC712ED1538400DCBF90 /* ARKitModule.swift in Sources */,
				C2D0CF6F2ED798BE0033133C /* EmotionModuleBridge.m in Sources */,
				C2C9A6562EFA5F2600542433 /* ImageSaverModuleBridge.m in Sources */,
				C2C9A6572EFA5F2600542433 /* ImageSaverModule.swift in Sources */,
				C2D0CF702ED798BE0033133C /* EmotionModule.swift in Sources */,
				C251AC722ED1538400DCBF90 /* ARKitViewManager.swift in Sources */,
				C2C0B7C92F00A96A0011D16E /* KeychainAuthBridgeModuleBridge.m in Sources */,
				C2C0B7CA2F00A96A0011D16E /* KeychainAuthBridgeModule.swift in Sources */,
				C251AC732ED1538400DCBF90 /* ARKitModuleBridge.m in Sources */,
				C251AC742ED1538400DCBF90 /* ARBodyTrackingViewController.swift in Sources */,
				C25ACD1E2ED926920079C030 /* HeadPoseModuleBridge.m in Sources */,
				C251AC752ED1538400DCBF90 /* ARKitViewManagerBridge.m in Sources */,
				C251AC762ED1538400DCBF90 /* ARKitViewManagerSpec.m in Sources */,
			);
			runOnlyForDeploymentPostprocessing = 0;
		};
		C278CC602EC9BA1500EC355E /* Sources */ = {
			isa = PBXSourcesBuildPhase;
			buildActionMask = 2147483647;
			files = (
			);
			runOnlyForDeploymentPostprocessing = 0;
		};
/* End PBXSourcesBuildPhase section */

/* Begin PBXTargetDependency section */
		00E356F51AD99517003FC87E /* PBXTargetDependency */ = {
			isa = PBXTargetDependency;
			target = 13B07F861A680F5B00A75B9A /* en */;
			targetProxy = 00E356F41AD99517003FC87E /* PBXContainerItemProxy */;
		};
/* End PBXTargetDependency section */

/* Begin XCBuildConfiguration section */
		00E356F61AD99517003FC87E /* Debug */ = {
			isa = XCBuildConfiguration;
			buildSettings = {
				BUNDLE_LOADER = "$(TEST_HOST)";
				GCC_PREPROCESSOR_DEFINITIONS = (
					"DEBUG=1",
					"$(inherited)",
				);
				INFOPLIST_FILE = StylIQTests/Info.plist;
				IPHONEOS_DEPLOYMENT_TARGET = 12.4;
				LD_RUNPATH_SEARCH_PATHS = (
					"$(inherited)",
					"@executable_path/Frameworks",
					"@loader_path/Frameworks",
				);
				OTHER_LDFLAGS = (
					"$(inherited)",
					"-ObjC",
					"-lc++",
				);
				PRODUCT_BUNDLE_IDENTIFIER = "org.reactjs.native.example.$(PRODUCT_NAME:rfc1034identifier)";
				PRODUCT_NAME = "$(TARGET_NAME)";
				TEST_HOST = "$(BUILT_PRODUCTS_DIR)/StylIQ.app/StylIQ";
			};
			name = Debug;
		};
		00E356F71AD99517003FC87E /* Release */ = {
			isa = XCBuildConfiguration;
			buildSettings = {
				BUNDLE_LOADER = "$(TEST_HOST)";
				COPY_PHASE_STRIP = NO;
				INFOPLIST_FILE = StylIQTests/Info.plist;
				IPHONEOS_DEPLOYMENT_TARGET = 12.4;
				LD_RUNPATH_SEARCH_PATHS = (
					"$(inherited)",
					"@executable_path/Frameworks",
					"@loader_path/Frameworks",
				);
				OTHER_LDFLAGS = (
					"$(inherited)",
					"-ObjC",
					"-lc++",
				);
				PRODUCT_BUNDLE_IDENTIFIER = "org.reactjs.native.example.$(PRODUCT_NAME:rfc1034identifier)";
				PRODUCT_NAME = "$(TARGET_NAME)";
				TEST_HOST = "$(BUILT_PRODUCTS_DIR)/StylIQ.app/StylIQ";
			};
			name = Release;
		};
		13B07F941A680F5B00A75B9A /* Debug */ = {
			isa = XCBuildConfiguration;
			baseConfigurationReference = E4C7EBD29344171E2BC84D57 /* Pods-StylIQ.debug.xcconfig */;
			buildSettings = {
				ASSETCATALOG_COMPILER_APPICON_NAME = AppIcon;
				CLANG_ENABLE_MODULES = YES;
				CODE_SIGN_ENTITLEMENTS = StylIQ/StylIQ.entitlements;
				CURRENT_PROJECT_VERSION = 1;
				DEBUG_INFORMATION_FORMAT = dwarf;
				DEVELOPMENT_TEAM = VS7XWZXJ53;
				ENABLE_BITCODE = NO;
				ENABLE_DEBUG_DYLIB = NO;
				FRAMEWORK_SEARCH_PATHS = (
					"$(inherited)",
					"$(SDKROOT)/System/Library/Frameworks",
				);
				GCC_PREPROCESSOR_DEFINITIONS = (
					"$(inherited)",
					"DEBUG=1",
					"COCOAPODS=1",
					"RCT_DEV=1",
					"RCT_ENABLE_INSPECTOR=1",
					"RCT_ENABLE_PACKAGER_CONNECTION=1",
				);
				HEADER_SEARCH_PATHS = "$(inherited)";
				INFOPLIST_FILE = StylIQ/Info.plist;
				INFOPLIST_KEY_CFBundleDisplayName = StylHelpr;
				IPHONEOS_DEPLOYMENT_TARGET = 18.0;
				LD_RUNPATH_SEARCH_PATHS = (
					"$(inherited)",
					"@executable_path/Frameworks",
				);
				OTHER_LDFLAGS = (
					"$(inherited)",
					"-ObjC",
					"-lc++",
				);
				PRODUCT_BUNDLE_IDENTIFIER = com.stylhelpr.stylhelpr;
				PRODUCT_NAME = StylIQ;
				SUPPORTED_PLATFORMS = "iphoneos iphonesimulator";
				SUPPORTS_MACCATALYST = NO;
				SUPPORTS_MAC_DESIGNED_FOR_IPHONE_IPAD = NO;
				SUPPORTS_XR_DESIGNED_FOR_IPHONE_IPAD = NO;
				SWIFT_OBJC_BRIDGING_HEADER = "";
				SWIFT_OPTIMIZATION_LEVEL = "-Onone";
				SWIFT_VERSION = 5.0;
				TARGETED_DEVICE_FAMILY = 1;
				VERSIONING_SYSTEM = "apple-generic";
			};
			name = Debug;
		};
		13B07F951A680F5B00A75B9A /* Release */ = {
			isa = XCBuildConfiguration;
			baseConfigurationReference = DD50ECA303AFE13BDE439D58 /* Pods-StylIQ.release.xcconfig */;
			buildSettings = {
				ASSETCATALOG_COMPILER_APPICON_NAME = AppIcon;
				CLANG_ENABLE_MODULES = YES;
				CODE_SIGN_ENTITLEMENTS = StylIQ/StylIQ.entitlements;
				CURRENT_PROJECT_VERSION = 1;
				DEBUG_INFORMATION_FORMAT = "dwarf-with-dsym";
				DEVELOPMENT_TEAM = VS7XWZXJ53;
				ENABLE_DEBUG_DYLIB = NO;
				FRAMEWORK_SEARCH_PATHS = (
					"$(inherited)",
					"$(SDKROOT)/System/Library/Frameworks",
				);
				HEADER_SEARCH_PATHS = "$(inherited)";
				INFOPLIST_FILE = "StylIQ/Info-Release.plist";
				INFOPLIST_KEY_CFBundleDisplayName = StylHelpr;
				IPHONEOS_DEPLOYMENT_TARGET = 18.0;
				LD_RUNPATH_SEARCH_PATHS = (
					"$(inherited)",
					"@executable_path/Frameworks",
				);
				OTHER_LDFLAGS = (
					"$(inherited)",
					"-ObjC",
					"-lc++",
				);
				PRODUCT_BUNDLE_IDENTIFIER = com.stylhelpr.stylhelpr;
				PRODUCT_NAME = StylIQ;
				SUPPORTED_PLATFORMS = "iphoneos iphonesimulator";
				SUPPORTS_MACCATALYST = NO;
				SUPPORTS_MAC_DESIGNED_FOR_IPHONE_IPAD = NO;
				SUPPORTS_XR_DESIGNED_FOR_IPHONE_IPAD = NO;
				SWIFT_OBJC_BRIDGING_HEADER = "";
				SWIFT_VERSION = 5.0;
				TARGETED_DEVICE_FAMILY = 1;
				VERSIONING_SYSTEM = "apple-generic";
			};
			name = Release;
		};
		83CBBA201A601CBA00E9B192 /* Debug */ = {
			isa = XCBuildConfiguration;
			buildSettings = {
				ALWAYS_SEARCH_USER_PATHS = NO;
				CLANG_ANALYZER_LOCALIZABILITY_NONLOCALIZED = YES;
				CLANG_CXX_LANGUAGE_STANDARD = "c++20";
				CLANG_CXX_LIBRARY = "libc++";
				CLANG_ENABLE_MODULES = YES;
				CLANG_ENABLE_OBJC_ARC = YES;
				CLANG_WARN_BLOCK_CAPTURE_AUTORELEASING = YES;
				CLANG_WARN_BOOL_CONVERSION = YES;
				CLANG_WARN_COMMA = YES;
				CLANG_WARN_CONSTANT_CONVERSION = YES;
				CLANG_WARN_DEPRECATED_OBJC_IMPLEMENTATIONS = YES;
				CLANG_WARN_DIRECT_OBJC_ISA_USAGE = YES_ERROR;
				CLANG_WARN_EMPTY_BODY = YES;
				CLANG_WARN_ENUM_CONVERSION = YES;
				CLANG_WARN_INFINITE_RECURSION = YES;
				CLANG_WARN_INT_CONVERSION = YES;
				CLANG_WARN_NON_LITERAL_NULL_CONVERSION = YES;
				CLANG_WARN_OBJC_IMPLICIT_RETAIN_SELF = YES;
				CLANG_WARN_OBJC_LITERAL_CONVERSION = YES;
				CLANG_WARN_OBJC_ROOT_CLASS = YES_ERROR;
				CLANG_WARN_QUOTED_INCLUDE_IN_FRAMEWORK_HEADER = YES;
				CLANG_WARN_RANGE_LOOP_ANALYSIS = YES;
				CLANG_WARN_STRICT_PROTOTYPES = YES;
				CLANG_WARN_SUSPICIOUS_MOVE = YES;
				CLANG_WARN_UNREACHABLE_CODE = YES;
				CLANG_WARN__DUPLICATE_METHOD_MATCH = YES;
				"CODE_SIGN_IDENTITY[sdk=iphoneos*]" = "iPhone Developer";
				COPY_PHASE_STRIP = NO;
				ENABLE_STRICT_OBJC_MSGSEND = YES;
				ENABLE_TESTABILITY = YES;
				ENABLE_USER_SCRIPT_SANDBOXING = NO;
				"EXCLUDED_ARCHS[sdk=iphonesimulator*]" = i386;
				GCC_C_LANGUAGE_STANDARD = gnu99;
				GCC_DYNAMIC_NO_PIC = NO;
				GCC_NO_COMMON_BLOCKS = YES;
				GCC_OPTIMIZATION_LEVEL = 0;
				GCC_PREPROCESSOR_DEFINITIONS = (
					"DEBUG=1",
					"$(inherited)",
				);
				GCC_SYMBOLS_PRIVATE_EXTERN = NO;
				GCC_WARN_64_TO_32_BIT_CONVERSION = YES;
				GCC_WARN_ABOUT_RETURN_TYPE = YES_ERROR;
				GCC_WARN_UNDECLARED_SELECTOR = YES;
				GCC_WARN_UNINITIALIZED_AUTOS = YES_AGGRESSIVE;
				GCC_WARN_UNUSED_FUNCTION = YES;
				GCC_WARN_UNUSED_VARIABLE = YES;
				HEADER_SEARCH_PATHS = (
					"$(inherited)",
					"${PODS_CONFIGURATION_BUILD_DIR}/ReactCommon/ReactCommon.framework/Headers",
					"${PODS_CONFIGURATION_BUILD_DIR}/ReactCommon/ReactCommon.framework/Headers/react/nativemodule/core",
					"${PODS_CONFIGURATION_BUILD_DIR}/React-runtimeexecutor/React_runtimeexecutor.framework/Headers",
					"${PODS_CONFIGURATION_BUILD_DIR}/React-runtimeexecutor/React_runtimeexecutor.framework/Headers/platform/ios",
					"${PODS_CONFIGURATION_BUILD_DIR}/ReactCommon-Samples/ReactCommon_Samples.framework/Headers",
					"${PODS_CONFIGURATION_BUILD_DIR}/ReactCommon-Samples/ReactCommon_Samples.framework/Headers/platform/ios",
					"${PODS_CONFIGURATION_BUILD_DIR}/React-Fabric/React_Fabric.framework/Headers/react/renderer/components/view/platform/cxx",
					"${PODS_CONFIGURATION_BUILD_DIR}/React-NativeModulesApple/React_NativeModulesApple.framework/Headers",
					"${PODS_CONFIGURATION_BUILD_DIR}/React-graphics/React_graphics.framework/Headers",
					"${PODS_CONFIGURATION_BUILD_DIR}/React-graphics/React_graphics.framework/Headers/react/renderer/graphics/platform/ios",
				);
				IPHONEOS_DEPLOYMENT_TARGET = 12.4;
				LD_RUNPATH_SEARCH_PATHS = (
					/usr/lib/swift,
					"$(inherited)",
				);
				LIBRARY_SEARCH_PATHS = (
					"\"$(SDKROOT)/usr/lib/swift\"",
					"\"$(TOOLCHAIN_DIR)/usr/lib/swift/$(PLATFORM_NAME)\"",
					"\"$(inherited)\"",
				);
				MTL_ENABLE_DEBUG_INFO = YES;
				ONLY_ACTIVE_ARCH = YES;
				OTHER_CPLUSPLUSFLAGS = (
					"$(OTHER_CFLAGS)",
					"-DFOLLY_NO_CONFIG",
					"-DFOLLY_MOBILE=1",
					"-DFOLLY_USE_LIBCPP=1",
				);
				REACT_NATIVE_PATH = "${PODS_ROOT}/../../node_modules/react-native";
				SDKROOT = iphoneos;
				SWIFT_ACTIVE_COMPILATION_CONDITIONS = "$(inherited) DEBUG";
				USE_HERMES = true;
			};
			name = Debug;
		};
		83CBBA211A601CBA00E9B192 /* Release */ = {
			isa = XCBuildConfiguration;
			buildSettings = {
				ALWAYS_SEARCH_USER_PATHS = NO;
				CLANG_ANALYZER_LOCALIZABILITY_NONLOCALIZED = YES;
				CLANG_CXX_LANGUAGE_STANDARD = "c++20";
				CLANG_CXX_LIBRARY = "libc++";
				CLANG_ENABLE_MODULES = YES;
				CLANG_ENABLE_OBJC_ARC = YES;
				CLANG_WARN_BLOCK_CAPTURE_AUTORELEASING = YES;
				CLANG_WARN_BOOL_CONVERSION = YES;
				CLANG_WARN_COMMA = YES;
				CLANG_WARN_CONSTANT_CONVERSION = YES;
				CLANG_WARN_DEPRECATED_OBJC_IMPLEMENTATIONS = YES;
				CLANG_WARN_DIRECT_OBJC_ISA_USAGE = YES_ERROR;
				CLANG_WARN_EMPTY_BODY = YES;
				CLANG_WARN_ENUM_CONVERSION = YES;
				CLANG_WARN_INFINITE_RECURSION = YES;
				CLANG_WARN_INT_CONVERSION = YES;
				CLANG_WARN_NON_LITERAL_NULL_CONVERSION = YES;
				CLANG_WARN_OBJC_IMPLICIT_RETAIN_SELF = YES;
				CLANG_WARN_OBJC_LITERAL_CONVERSION = YES;
				CLANG_WARN_OBJC_ROOT_CLASS = YES_ERROR;
				CLANG_WARN_QUOTED_INCLUDE_IN_FRAMEWORK_HEADER = YES;
				CLANG_WARN_RANGE_LOOP_ANALYSIS = YES;
				CLANG_WARN_STRICT_PROTOTYPES = YES;
				CLANG_WARN_SUSPICIOUS_MOVE = YES;
				CLANG_WARN_UNREACHABLE_CODE = YES;
				CLANG_WARN__DUPLICATE_METHOD_MATCH = YES;
				"CODE_SIGN_IDENTITY[sdk=iphoneos*]" = "iPhone Developer";
				COPY_PHASE_STRIP = YES;
				ENABLE_NS_ASSERTIONS = NO;
				ENABLE_STRICT_OBJC_MSGSEND = YES;
				ENABLE_USER_SCRIPT_SANDBOXING = NO;
				"EXCLUDED_ARCHS[sdk=iphonesimulator*]" = i386;
				GCC_C_LANGUAGE_STANDARD = gnu99;
				GCC_NO_COMMON_BLOCKS = YES;
				GCC_WARN_64_TO_32_BIT_CONVERSION = YES;
				GCC_WARN_ABOUT_RETURN_TYPE = YES_ERROR;
				GCC_WARN_UNDECLARED_SELECTOR = YES;
				GCC_WARN_UNINITIALIZED_AUTOS = YES_AGGRESSIVE;
				GCC_WARN_UNUSED_FUNCTION = YES;
				GCC_WARN_UNUSED_VARIABLE = YES;
				HEADER_SEARCH_PATHS = (
					"$(inherited)",
					"${PODS_CONFIGURATION_BUILD_DIR}/ReactCommon/ReactCommon.framework/Headers",
					"${PODS_CONFIGURATION_BUILD_DIR}/ReactCommon/ReactCommon.framework/Headers/react/nativemodule/core",
					"${PODS_CONFIGURATION_BUILD_DIR}/React-runtimeexecutor/React_runtimeexecutor.framework/Headers",
					"${PODS_CONFIGURATION_BUILD_DIR}/React-runtimeexecutor/React_runtimeexecutor.framework/Headers/platform/ios",
					"${PODS_CONFIGURATION_BUILD_DIR}/ReactCommon-Samples/ReactCommon_Samples.framework/Headers",
					"${PODS_CONFIGURATION_BUILD_DIR}/ReactCommon-Samples/ReactCommon_Samples.framework/Headers/platform/ios",
					"${PODS_CONFIGURATION_BUILD_DIR}/React-Fabric/React_Fabric.framework/Headers/react/renderer/components/view/platform/cxx",
					"${PODS_CONFIGURATION_BUILD_DIR}/React-NativeModulesApple/React_NativeModulesApple.framework/Headers",
					"${PODS_CONFIGURATION_BUILD_DIR}/React-graphics/React_graphics.framework/Headers",
					"${PODS_CONFIGURATION_BUILD_DIR}/React-graphics/React_graphics.framework/Headers/react/renderer/graphics/platform/ios",
				);
				IPHONEOS_DEPLOYMENT_TARGET = 12.4;
				LD_RUNPATH_SEARCH_PATHS = (
					/usr/lib/swift,
					"$(inherited)",
				);
				LIBRARY_SEARCH_PATHS = (
					"\"$(SDKROOT)/usr/lib/swift\"",
					"\"$(TOOLCHAIN_DIR)/usr/lib/swift/$(PLATFORM_NAME)\"",
					"\"$(inherited)\"",
				);
				MTL_ENABLE_DEBUG_INFO = NO;
				OTHER_CPLUSPLUSFLAGS = (
					"$(OTHER_CFLAGS)",
					"-DFOLLY_NO_CONFIG",
					"-DFOLLY_MOBILE=1",
					"-DFOLLY_USE_LIBCPP=1",
				);
				REACT_NATIVE_PATH = "${PODS_ROOT}/../../node_modules/react-native";
				SDKROOT = iphoneos;
				USE_HERMES = true;
				VALIDATE_PRODUCT = YES;
			};
			name = Release;
		};
		C278CC782EC9BA1600EC355E /* Debug */ = {
			isa = XCBuildConfiguration;
			buildSettings = {
				ASSETCATALOG_COMPILER_GENERATE_SWIFT_ASSET_SYMBOL_EXTENSIONS = YES;
				ASSETCATALOG_COMPILER_GLOBAL_ACCENT_COLOR_NAME = AccentColor;
				ASSETCATALOG_COMPILER_WIDGET_BACKGROUND_COLOR_NAME = WidgetBackground;
				CLANG_ANALYZER_NONNULL = YES;
				CLANG_ANALYZER_NUMBER_OBJECT_CONVERSION = YES_AGGRESSIVE;
				CLANG_CXX_LANGUAGE_STANDARD = "gnu++20";
				CLANG_ENABLE_OBJC_WEAK = YES;
				CLANG_WARN_DOCUMENTATION_COMMENTS = YES;
				CLANG_WARN_UNGUARDED_AVAILABILITY = YES_AGGRESSIVE;
				CODE_SIGN_STYLE = Automatic;
				CURRENT_PROJECT_VERSION = 1;
				DEBUG_INFORMATION_FORMAT = dwarf;
				DEVELOPMENT_TEAM = VS7XWZXJ53;
				ENABLE_USER_SCRIPT_SANDBOXING = YES;
				GCC_C_LANGUAGE_STANDARD = gnu17;
				GENERATE_INFOPLIST_FILE = YES;
				INFOPLIST_FILE = StylIQLiveActivity/Info.plist;
				INFOPLIST_KEY_CFBundleDisplayName = StylIQLiveActivity;
				INFOPLIST_KEY_NSHumanReadableCopyright = "";
				INFOPLIST_KEY_NSSupportsLiveActivities = YES;
				INFOPLIST_KEY_NSSupportsLiveActivitiesFrequentUpdates = YES;
				INFOPLIST_KEY_WKSupportsLiveActivityLaunchAttributeTypes = "";
				"INFOPLIST_KEY_WKSupportsLiveActivityLaunchAttributeTypes[sdk=*]" = StylIQLiveActivityAttributes;
				IPHONEOS_DEPLOYMENT_TARGET = 26.0;
				LD_RUNPATH_SEARCH_PATHS = (
					"$(inherited)",
					"@executable_path/Frameworks",
					"@executable_path/../../Frameworks",
				);
				LOCALIZATION_PREFERS_STRING_CATALOGS = YES;
				MARKETING_VERSION = 1.0;
				MTL_ENABLE_DEBUG_INFO = INCLUDE_SOURCE;
				MTL_FAST_MATH = YES;
				PRODUCT_BUNDLE_IDENTIFIER = com.stylhelpr.stylhelpr.StylIQLiveActivity;
				PRODUCT_NAME = "$(TARGET_NAME)";
				SKIP_INSTALL = YES;
				STRING_CATALOG_GENERATE_SYMBOLS = YES;
				SWIFT_ACTIVE_COMPILATION_CONDITIONS = "DEBUG $(inherited)";
				SWIFT_APPROACHABLE_CONCURRENCY = YES;
				SWIFT_EMIT_LOC_STRINGS = YES;
				SWIFT_OPTIMIZATION_LEVEL = "-Onone";
				SWIFT_UPCOMING_FEATURE_MEMBER_IMPORT_VISIBILITY = YES;
				SWIFT_VERSION = 5.0;
				TARGETED_DEVICE_FAMILY = "1,2";
			};
			name = Debug;
		};
		C278CC792EC9BA1600EC355E /* Release */ = {
			isa = XCBuildConfiguration;
			buildSettings = {
				ASSETCATALOG_COMPILER_GENERATE_SWIFT_ASSET_SYMBOL_EXTENSIONS = YES;
				ASSETCATALOG_COMPILER_GLOBAL_ACCENT_COLOR_NAME = AccentColor;
				ASSETCATALOG_COMPILER_WIDGET_BACKGROUND_COLOR_NAME = WidgetBackground;
				CLANG_ANALYZER_NONNULL = YES;
				CLANG_ANALYZER_NUMBER_OBJECT_CONVERSION = YES_AGGRESSIVE;
				CLANG_CXX_LANGUAGE_STANDARD = "gnu++20";
				CLANG_ENABLE_OBJC_WEAK = YES;
				CLANG_WARN_DOCUMENTATION_COMMENTS = YES;
				CLANG_WARN_UNGUARDED_AVAILABILITY = YES_AGGRESSIVE;
				CODE_SIGN_STYLE = Automatic;
				COPY_PHASE_STRIP = NO;
				CURRENT_PROJECT_VERSION = 1;
				DEBUG_INFORMATION_FORMAT = "dwarf-with-dsym";
				DEVELOPMENT_TEAM = VS7XWZXJ53;
				ENABLE_USER_SCRIPT_SANDBOXING = YES;
				GCC_C_LANGUAGE_STANDARD = gnu17;
				GENERATE_INFOPLIST_FILE = YES;
				INFOPLIST_FILE = StylIQLiveActivity/Info.plist;
				INFOPLIST_KEY_CFBundleDisplayName = StylIQLiveActivity;
				INFOPLIST_KEY_NSHumanReadableCopyright = "";
				INFOPLIST_KEY_NSSupportsLiveActivities = YES;
				INFOPLIST_KEY_NSSupportsLiveActivitiesFrequentUpdates = YES;
				INFOPLIST_KEY_WKSupportsLiveActivityLaunchAttributeTypes = "";
				"INFOPLIST_KEY_WKSupportsLiveActivityLaunchAttributeTypes[sdk=*]" = StylIQLiveActivityAttributes;
				IPHONEOS_DEPLOYMENT_TARGET = 26.0;
				LD_RUNPATH_SEARCH_PATHS = (
					"$(inherited)",
					"@executable_path/Frameworks",
					"@executable_path/../../Frameworks",
				);
				LOCALIZATION_PREFERS_STRING_CATALOGS = YES;
				MARKETING_VERSION = 1.0;
				MTL_FAST_MATH = YES;
				PRODUCT_BUNDLE_IDENTIFIER = com.stylhelpr.stylhelpr.StylIQLiveActivity;
				PRODUCT_NAME = "$(TARGET_NAME)";
				SKIP_INSTALL = YES;
				STRING_CATALOG_GENERATE_SYMBOLS = YES;
				SWIFT_APPROACHABLE_CONCURRENCY = YES;
				SWIFT_COMPILATION_MODE = wholemodule;
				SWIFT_EMIT_LOC_STRINGS = YES;
				SWIFT_UPCOMING_FEATURE_MEMBER_IMPORT_VISIBILITY = YES;
				SWIFT_VERSION = 5.0;
				TARGETED_DEVICE_FAMILY = "1,2";
			};
			name = Release;
		};
/* End XCBuildConfiguration section */

/* Begin XCConfigurationList section */
		00E357021AD99517003FC87E /* Build configuration list for PBXNativeTarget "StylIQTests" */ = {
			isa = XCConfigurationList;
			buildConfigurations = (
				00E356F61AD99517003FC87E /* Debug */,
				00E356F71AD99517003FC87E /* Release */,
			);
			defaultConfigurationIsVisible = 0;
			defaultConfigurationName = Release;
		};
		13B07F931A680F5B00A75B9A /* Build configuration list for PBXNativeTarget "en" */ = {
			isa = XCConfigurationList;
			buildConfigurations = (
				13B07F941A680F5B00A75B9A /* Debug */,
				13B07F951A680F5B00A75B9A /* Release */,
			);
			defaultConfigurationIsVisible = 0;
			defaultConfigurationName = Release;
		};
		83CBB9FA1A601CBA00E9B192 /* Build configuration list for PBXProject "StylIQ" */ = {
			isa = XCConfigurationList;
			buildConfigurations = (
				83CBBA201A601CBA00E9B192 /* Debug */,
				83CBBA211A601CBA00E9B192 /* Release */,
			);
			defaultConfigurationIsVisible = 0;
			defaultConfigurationName = Release;
		};
		C278CC772EC9BA1600EC355E /* Build configuration list for PBXNativeTarget "StylIQLiveActivityExtension" */ = {
			isa = XCConfigurationList;
			buildConfigurations = (
				C278CC782EC9BA1600EC355E /* Debug */,
				C278CC792EC9BA1600EC355E /* Release */,
			);
			defaultConfigurationIsVisible = 0;
			defaultConfigurationName = Release;
		};
/* End XCConfigurationList section */
	};
	rootObject = 83CBB9F71A601CBA00E9B192 /* Project object */;
}
