PODS:
  - A0Auth0 (4.6.0):
    - Auth0 (= 2.10)
    - JWTDecode (= 3.2.0)
    - React-Core
    - SimpleKeychain (= 1.2.0)
  - Auth0 (2.10.0):
    - JWTDecode (= 3.2.0)
    - SimpleKeychain (= 1.2.0)
  - boost (1.76.0)
  - BVLinearGradient (2.8.3):
    - React-Core
  - DoubleConversion (1.1.6)
  - FBLazyVector (0.70.10)
  - FBReactNativeSpec (0.70.10):
    - RCT-Folly (= 2021.07.22.00)
    - RCTRequired (= 0.70.10)
    - RCTTypeSafety (= 0.70.10)
    - React-Core (= 0.70.10)
    - React-jsi (= 0.70.10)
    - ReactCommon/turbomodule/core (= 0.70.10)
  - Firebase/CoreOnly (10.7.0):
    - FirebaseCore (= 10.7.0)
  - Firebase/Messaging (10.7.0):
    - Firebase/CoreOnly
    - FirebaseMessaging (~> 10.7.0)
  - FirebaseCore (10.7.0):
    - FirebaseCoreInternal (~> 10.0)
    - GoogleUtilities/Environment (~> 7.8)
    - GoogleUtilities/Logger (~> 7.8)
  - FirebaseCoreExtension (10.7.0):
    - FirebaseCore (~> 10.0)
  - FirebaseCoreInternal (10.29.0):
    - "GoogleUtilities/NSData+zlib (~> 7.8)"
  - FirebaseInstallations (10.29.0):
    - FirebaseCore (~> 10.0)
    - GoogleUtilities/Environment (~> 7.8)
    - GoogleUtilities/UserDefaults (~> 7.8)
    - PromisesObjC (~> 2.1)
  - FirebaseMessaging (10.7.0):
    - FirebaseCore (~> 10.0)
    - FirebaseInstallations (~> 10.0)
    - GoogleDataTransport (~> 9.2)
    - GoogleUtilities/AppDelegateSwizzler (~> 7.8)
    - GoogleUtilities/Environment (~> 7.8)
    - GoogleUtilities/Reachability (~> 7.8)
    - GoogleUtilities/UserDefaults (~> 7.8)
    - nanopb (< 2.30910.0, >= 2.30908.0)
  - fmt (6.2.1)
  - glog (0.3.5)
  - GoogleDataTransport (9.4.1):
    - GoogleUtilities/Environment (~> 7.7)
    - nanopb (< 2.30911.0, >= 2.30908.0)
    - PromisesObjC (< 3.0, >= 1.2)
  - GoogleUtilities/AppDelegateSwizzler (7.13.3):
    - GoogleUtilities/Environment
    - GoogleUtilities/Logger
    - GoogleUtilities/Network
    - GoogleUtilities/Privacy
  - GoogleUtilities/Environment (7.13.3):
    - GoogleUtilities/Privacy
    - PromisesObjC (< 3.0, >= 1.2)
  - GoogleUtilities/Logger (7.13.3):
    - GoogleUtilities/Environment
    - GoogleUtilities/Privacy
  - GoogleUtilities/Network (7.13.3):
    - GoogleUtilities/Logger
    - "GoogleUtilities/NSData+zlib"
    - GoogleUtilities/Privacy
    - GoogleUtilities/Reachability
  - "GoogleUtilities/NSData+zlib (7.13.3)":
    - GoogleUtilities/Privacy
  - GoogleUtilities/Privacy (7.13.3)
  - GoogleUtilities/Reachability (7.13.3):
    - GoogleUtilities/Logger
    - GoogleUtilities/Privacy
  - GoogleUtilities/UserDefaults (7.13.3):
    - GoogleUtilities/Logger
    - GoogleUtilities/Privacy
  - hermes-engine (0.70.10)
  - JWTDecode (3.2.0)
  - libevent (2.1.12)
  - nanopb (2.30909.1):
    - nanopb/decode (= 2.30909.1)
    - nanopb/encode (= 2.30909.1)
  - nanopb/decode (2.30909.1)
  - nanopb/encode (2.30909.1)
  - Permission-Calendars (3.10.1):
    - RNPermissions
  - Permission-Camera (3.10.1):
    - RNPermissions
  - Permission-LocationWhenInUse (3.10.1):
    - RNPermissions
  - Permission-Microphone (3.10.1):
    - RNPermissions
  - Permission-PhotoLibrary (3.10.1):
    - RNPermissions
  - PromisesObjC (2.4.0)
  - RCT-Folly (2021.07.22.00):
    - boost
    - DoubleConversion
    - fmt (~> 6.2.1)
    - glog
    - RCT-Folly/Default (= 2021.07.22.00)
  - RCT-Folly/Default (2021.07.22.00):
    - boost
    - DoubleConversion
    - fmt (~> 6.2.1)
    - glog
  - RCT-Folly/Futures (2021.07.22.00):
    - boost
    - DoubleConversion
    - fmt (~> 6.2.1)
    - glog
    - libevent
  - RCTRequired (0.70.10)
  - RCTTypeSafety (0.70.10):
    - FBLazyVector (= 0.70.10)
    - RCTRequired (= 0.70.10)
    - React-Core (= 0.70.10)
  - React (0.70.10):
    - React-Core (= 0.70.10)
    - React-Core/DevSupport (= 0.70.10)
    - React-Core/RCTWebSocket (= 0.70.10)
    - React-RCTActionSheet (= 0.70.10)
    - React-RCTAnimation (= 0.70.10)
    - React-RCTBlob (= 0.70.10)
    - React-RCTImage (= 0.70.10)
    - React-RCTLinking (= 0.70.10)
    - React-RCTNetwork (= 0.70.10)
    - React-RCTSettings (= 0.70.10)
    - React-RCTText (= 0.70.10)
    - React-RCTVibration (= 0.70.10)
  - React-bridging (0.70.10):
    - RCT-Folly (= 2021.07.22.00)
    - React-jsi (= 0.70.10)
  - React-callinvoker (0.70.10)
  - React-Codegen (0.70.10):
    - FBReactNativeSpec (= 0.70.10)
    - RCT-Folly (= 2021.07.22.00)
    - RCTRequired (= 0.70.10)
    - RCTTypeSafety (= 0.70.10)
    - React-Core (= 0.70.10)
    - React-jsi (= 0.70.10)
    - React-jsiexecutor (= 0.70.10)
    - ReactCommon/turbomodule/core (= 0.70.10)
  - React-Core (0.70.10):
    - glog
    - RCT-Folly (= 2021.07.22.00)
    - React-Core/Default (= 0.70.10)
    - React-cxxreact (= 0.70.10)
    - React-jsi (= 0.70.10)
    - React-jsiexecutor (= 0.70.10)
    - React-perflogger (= 0.70.10)
    - Yoga
  - React-Core/CoreModulesHeaders (0.70.10):
    - glog
    - RCT-Folly (= 2021.07.22.00)
    - React-Core/Default
    - React-cxxreact (= 0.70.10)
    - React-jsi (= 0.70.10)
    - React-jsiexecutor (= 0.70.10)
    - React-perflogger (= 0.70.10)
    - Yoga
  - React-Core/Default (0.70.10):
    - glog
    - RCT-Folly (= 2021.07.22.00)
    - React-cxxreact (= 0.70.10)
    - React-jsi (= 0.70.10)
    - React-jsiexecutor (= 0.70.10)
    - React-perflogger (= 0.70.10)
    - Yoga
  - React-Core/DevSupport (0.70.10):
    - glog
    - RCT-Folly (= 2021.07.22.00)
    - React-Core/Default (= 0.70.10)
    - React-Core/RCTWebSocket (= 0.70.10)
    - React-cxxreact (= 0.70.10)
    - React-jsi (= 0.70.10)
    - React-jsiexecutor (= 0.70.10)
    - React-jsinspector (= 0.70.10)
    - React-perflogger (= 0.70.10)
    - Yoga
  - React-Core/RCTActionSheetHeaders (0.70.10):
    - glog
    - RCT-Folly (= 2021.07.22.00)
    - React-Core/Default
    - React-cxxreact (= 0.70.10)
    - React-jsi (= 0.70.10)
    - React-jsiexecutor (= 0.70.10)
    - React-perflogger (= 0.70.10)
    - Yoga
  - React-Core/RCTAnimationHeaders (0.70.10):
    - glog
    - RCT-Folly (= 2021.07.22.00)
    - React-Core/Default
    - React-cxxreact (= 0.70.10)
    - React-jsi (= 0.70.10)
    - React-jsiexecutor (= 0.70.10)
    - React-perflogger (= 0.70.10)
    - Yoga
  - React-Core/RCTBlobHeaders (0.70.10):
    - glog
    - RCT-Folly (= 2021.07.22.00)
    - React-Core/Default
    - React-cxxreact (= 0.70.10)
    - React-jsi (= 0.70.10)
    - React-jsiexecutor (= 0.70.10)
    - React-perflogger (= 0.70.10)
    - Yoga
  - React-Core/RCTImageHeaders (0.70.10):
    - glog
    - RCT-Folly (= 2021.07.22.00)
    - React-Core/Default
    - React-cxxreact (= 0.70.10)
    - React-jsi (= 0.70.10)
    - React-jsiexecutor (= 0.70.10)
    - React-perflogger (= 0.70.10)
    - Yoga
  - React-Core/RCTLinkingHeaders (0.70.10):
    - glog
    - RCT-Folly (= 2021.07.22.00)
    - React-Core/Default
    - React-cxxreact (= 0.70.10)
    - React-jsi (= 0.70.10)
    - React-jsiexecutor (= 0.70.10)
    - React-perflogger (= 0.70.10)
    - Yoga
  - React-Core/RCTNetworkHeaders (0.70.10):
    - glog
    - RCT-Folly (= 2021.07.22.00)
    - React-Core/Default
    - React-cxxreact (= 0.70.10)
    - React-jsi (= 0.70.10)
    - React-jsiexecutor (= 0.70.10)
    - React-perflogger (= 0.70.10)
    - Yoga
  - React-Core/RCTSettingsHeaders (0.70.10):
    - glog
    - RCT-Folly (= 2021.07.22.00)
    - React-Core/Default
    - React-cxxreact (= 0.70.10)
    - React-jsi (= 0.70.10)
    - React-jsiexecutor (= 0.70.10)
    - React-perflogger (= 0.70.10)
    - Yoga
  - React-Core/RCTTextHeaders (0.70.10):
    - glog
    - RCT-Folly (= 2021.07.22.00)
    - React-Core/Default
    - React-cxxreact (= 0.70.10)
    - React-jsi (= 0.70.10)
    - React-jsiexecutor (= 0.70.10)
    - React-perflogger (= 0.70.10)
    - Yoga
  - React-Core/RCTVibrationHeaders (0.70.10):
    - glog
    - RCT-Folly (= 2021.07.22.00)
    - React-Core/Default
    - React-cxxreact (= 0.70.10)
    - React-jsi (= 0.70.10)
    - React-jsiexecutor (= 0.70.10)
    - React-perflogger (= 0.70.10)
    - Yoga
  - React-Core/RCTWebSocket (0.70.10):
    - glog
    - RCT-Folly (= 2021.07.22.00)
    - React-Core/Default (= 0.70.10)
    - React-cxxreact (= 0.70.10)
    - React-jsi (= 0.70.10)
    - React-jsiexecutor (= 0.70.10)
    - React-perflogger (= 0.70.10)
    - Yoga
  - React-CoreModules (0.70.10):
    - RCT-Folly (= 2021.07.22.00)
    - RCTTypeSafety (= 0.70.10)
    - React-Codegen (= 0.70.10)
    - React-Core/CoreModulesHeaders (= 0.70.10)
    - React-jsi (= 0.70.10)
    - React-RCTImage (= 0.70.10)
    - ReactCommon/turbomodule/core (= 0.70.10)
  - React-cxxreact (0.70.10):
    - boost (= 1.76.0)
    - DoubleConversion
    - glog
    - RCT-Folly (= 2021.07.22.00)
    - React-callinvoker (= 0.70.10)
    - React-jsi (= 0.70.10)
    - React-jsinspector (= 0.70.10)
    - React-logger (= 0.70.10)
    - React-perflogger (= 0.70.10)
    - React-runtimeexecutor (= 0.70.10)
  - React-hermes (0.70.10):
    - DoubleConversion
    - glog
    - hermes-engine
    - RCT-Folly (= 2021.07.22.00)
    - RCT-Folly/Futures (= 2021.07.22.00)
    - React-cxxreact (= 0.70.10)
    - React-jsi (= 0.70.10)
    - React-jsiexecutor (= 0.70.10)
    - React-jsinspector (= 0.70.10)
    - React-perflogger (= 0.70.10)
  - React-jsi (0.70.10):
    - boost (= 1.76.0)
    - DoubleConversion
    - glog
    - RCT-Folly (= 2021.07.22.00)
    - React-jsi/Default (= 0.70.10)
  - React-jsi/Default (0.70.10):
    - boost (= 1.76.0)
    - DoubleConversion
    - glog
    - RCT-Folly (= 2021.07.22.00)
  - React-jsiexecutor (0.70.10):
    - DoubleConversion
    - glog
    - RCT-Folly (= 2021.07.22.00)
    - React-cxxreact (= 0.70.10)
    - React-jsi (= 0.70.10)
    - React-perflogger (= 0.70.10)
  - React-jsinspector (0.70.10)
  - React-logger (0.70.10):
    - glog
  - react-native-add-calendar-event (5.0.0):
    - React-Core
  - react-native-audio-session (0.0.6):
    - React-Core
  - react-native-biometrics (3.0.1):
    - React-Core
  - react-native-blur (4.4.1):
    - React-Core
  - react-native-cameraroll (7.10.0):
    - React-Core
  - react-native-contacts (8.0.5):
    - React-Core
  - react-native-date-picker (5.0.12):
    - React-Core
  - react-native-geolocation (3.4.0):
    - React-Core
  - react-native-geolocation-service (5.3.1):
    - React
  - react-native-image-picker (8.2.1):
    - React-Core
  - react-native-maps (0.30.2):
    - React-Core
  - react-native-orientation-locker (1.7.0):
    - React-Core
  - react-native-safe-area-context (5.4.1):
    - React-Core
  - react-native-video (6.16.1):
    - React-Core
    - react-native-video/Video (= 6.16.1)
  - react-native-video/Video (6.16.1):
    - React-Core
  - react-native-view-shot (3.4.0):
    - React-Core
  - react-native-voice (3.2.4):
    - React-Core
  - react-native-webview (13.13.5):
    - React-Core
  - React-perflogger (0.70.10)
  - React-RCTActionSheet (0.70.10):
    - React-Core/RCTActionSheetHeaders (= 0.70.10)
  - React-RCTAnimation (0.70.10):
    - RCT-Folly (= 2021.07.22.00)
    - RCTTypeSafety (= 0.70.10)
    - React-Codegen (= 0.70.10)
    - React-Core/RCTAnimationHeaders (= 0.70.10)
    - React-jsi (= 0.70.10)
    - ReactCommon/turbomodule/core (= 0.70.10)
  - React-RCTBlob (0.70.10):
    - RCT-Folly (= 2021.07.22.00)
    - React-Codegen (= 0.70.10)
    - React-Core/RCTBlobHeaders (= 0.70.10)
    - React-Core/RCTWebSocket (= 0.70.10)
    - React-jsi (= 0.70.10)
    - React-RCTNetwork (= 0.70.10)
    - ReactCommon/turbomodule/core (= 0.70.10)
  - React-RCTImage (0.70.10):
    - RCT-Folly (= 2021.07.22.00)
    - RCTTypeSafety (= 0.70.10)
    - React-Codegen (= 0.70.10)
    - React-Core/RCTImageHeaders (= 0.70.10)
    - React-jsi (= 0.70.10)
    - React-RCTNetwork (= 0.70.10)
    - ReactCommon/turbomodule/core (= 0.70.10)
  - React-RCTLinking (0.70.10):
    - React-Codegen (= 0.70.10)
    - React-Core/RCTLinkingHeaders (= 0.70.10)
    - React-jsi (= 0.70.10)
    - ReactCommon/turbomodule/core (= 0.70.10)
  - React-RCTNetwork (0.70.10):
    - RCT-Folly (= 2021.07.22.00)
    - RCTTypeSafety (= 0.70.10)
    - React-Codegen (= 0.70.10)
    - React-Core/RCTNetworkHeaders (= 0.70.10)
    - React-jsi (= 0.70.10)
    - ReactCommon/turbomodule/core (= 0.70.10)
  - React-RCTSettings (0.70.10):
    - RCT-Folly (= 2021.07.22.00)
    - RCTTypeSafety (= 0.70.10)
    - React-Codegen (= 0.70.10)
    - React-Core/RCTSettingsHeaders (= 0.70.10)
    - React-jsi (= 0.70.10)
    - ReactCommon/turbomodule/core (= 0.70.10)
  - React-RCTText (0.70.10):
    - React-Core/RCTTextHeaders (= 0.70.10)
  - React-RCTVibration (0.70.10):
    - RCT-Folly (= 2021.07.22.00)
    - React-Codegen (= 0.70.10)
    - React-Core/RCTVibrationHeaders (= 0.70.10)
    - React-jsi (= 0.70.10)
    - ReactCommon/turbomodule/core (= 0.70.10)
  - React-runtimeexecutor (0.70.10):
    - React-jsi (= 0.70.10)
  - ReactCommon/turbomodule/core (0.70.10):
    - DoubleConversion
    - glog
    - RCT-Folly (= 2021.07.22.00)
    - React-bridging (= 0.70.10)
    - React-callinvoker (= 0.70.10)
    - React-Core (= 0.70.10)
    - React-cxxreact (= 0.70.10)
    - React-jsi (= 0.70.10)
    - React-logger (= 0.70.10)
    - React-perflogger (= 0.70.10)
  - RNCalendarEvents (2.2.0):
    - React
  - RNCAsyncStorage (2.1.2):
    - React-Core
  - RNCPicker (2.11.0):
    - React-Core
  - RNCPushNotificationIOS (1.11.0):
    - React-Core
  - RNDateTimePicker (6.7.3):
    - React-Core
  - RNDeviceInfo (14.0.4):
    - React-Core
  - RNFBApp (17.5.0):
    - Firebase/CoreOnly (= 10.7.0)
    - React-Core
  - RNFBMessaging (17.5.0):
    - Firebase/Messaging (= 10.7.0)
    - FirebaseCoreExtension (= 10.7.0)
    - React-Core
    - RNFBApp
  - RNPermissions (3.10.1):
    - React-Core
  - RNReactNativeHapticFeedback (2.3.3):
    - React-Core
  - RNVectorIcons (10.3.0):
    - React-Core
  - SimpleKeychain (1.2.0)
  - TextToSpeech (4.1.1):
    - React-Core
  - VisionCamera (4.7.2):
    - VisionCamera/Core (= 4.7.2)
    - VisionCamera/React (= 4.7.2)
  - VisionCamera/Core (4.7.2)
  - VisionCamera/React (4.7.2):
    - React-Core
  - Yoga (1.14.0)

DEPENDENCIES:
  - A0Auth0 (from `../node_modules/react-native-auth0`)
  - boost (from `../node_modules/react-native/third-party-podspecs/boost.podspec`)
  - BVLinearGradient (from `../node_modules/react-native-linear-gradient`)
  - DoubleConversion (from `../node_modules/react-native/third-party-podspecs/DoubleConversion.podspec`)
  - FBLazyVector (from `../node_modules/react-native/Libraries/FBLazyVector`)
  - FBReactNativeSpec (from `../node_modules/react-native/React/FBReactNativeSpec`)
  - glog (from `../node_modules/react-native/third-party-podspecs/glog.podspec`)
  - hermes-engine (from `../node_modules/react-native/sdks/hermes/hermes-engine.podspec`)
  - libevent (~> 2.1.12)
  - Permission-Calendars (from `../node_modules/react-native-permissions/ios/Calendars`)
  - Permission-Camera (from `../node_modules/react-native-permissions/ios/Camera`)
  - Permission-LocationWhenInUse (from `../node_modules/react-native-permissions/ios/LocationWhenInUse`)
  - Permission-Microphone (from `../node_modules/react-native-permissions/ios/Microphone`)
  - Permission-PhotoLibrary (from `../node_modules/react-native-permissions/ios/PhotoLibrary`)
  - RCT-Folly (from `../node_modules/react-native/third-party-podspecs/RCT-Folly.podspec`)
  - RCTRequired (from `../node_modules/react-native/Libraries/RCTRequired`)
  - RCTTypeSafety (from `../node_modules/react-native/Libraries/TypeSafety`)
  - React (from `../node_modules/react-native/`)
  - React-bridging (from `../node_modules/react-native/ReactCommon`)
  - React-callinvoker (from `../node_modules/react-native/ReactCommon/callinvoker`)
  - React-Codegen (from `build/generated/ios`)
  - React-Core (from `../node_modules/react-native/`)
  - React-Core/RCTWebSocket (from `../node_modules/react-native/`)
  - React-CoreModules (from `../node_modules/react-native/React/CoreModules`)
  - React-cxxreact (from `../node_modules/react-native/ReactCommon/cxxreact`)
  - React-hermes (from `../node_modules/react-native/ReactCommon/hermes`)
  - React-jsi (from `../node_modules/react-native/ReactCommon/jsi`)
  - React-jsiexecutor (from `../node_modules/react-native/ReactCommon/jsiexecutor`)
  - React-jsinspector (from `../node_modules/react-native/ReactCommon/jsinspector`)
  - React-logger (from `../node_modules/react-native/ReactCommon/logger`)
  - react-native-add-calendar-event (from `../node_modules/react-native-add-calendar-event`)
  - react-native-audio-session (from `../node_modules/react-native-audio-session`)
  - react-native-biometrics (from `../node_modules/react-native-biometrics`)
  - "react-native-blur (from `../node_modules/@react-native-community/blur`)"
  - "react-native-cameraroll (from `../node_modules/@react-native-camera-roll/camera-roll`)"
  - react-native-contacts (from `../node_modules/react-native-contacts`)
  - react-native-date-picker (from `../node_modules/react-native-date-picker`)
  - "react-native-geolocation (from `../node_modules/@react-native-community/geolocation`)"
  - react-native-geolocation-service (from `../node_modules/react-native-geolocation-service`)
  - react-native-image-picker (from `../node_modules/react-native-image-picker`)
  - react-native-maps (from `../node_modules/react-native-maps`)
  - react-native-orientation-locker (from `../node_modules/react-native-orientation-locker`)
  - react-native-safe-area-context (from `../node_modules/react-native-safe-area-context`)
  - react-native-video (from `../node_modules/react-native-video`)
  - react-native-view-shot (from `../node_modules/react-native-view-shot`)
  - "react-native-voice (from `../node_modules/@react-native-voice/voice`)"
  - react-native-webview (from `../node_modules/react-native-webview`)
  - React-perflogger (from `../node_modules/react-native/ReactCommon/reactperflogger`)
  - React-RCTActionSheet (from `../node_modules/react-native/Libraries/ActionSheetIOS`)
  - React-RCTAnimation (from `../node_modules/react-native/Libraries/NativeAnimation`)
  - React-RCTBlob (from `../node_modules/react-native/Libraries/Blob`)
  - React-RCTImage (from `../node_modules/react-native/Libraries/Image`)
  - React-RCTLinking (from `../node_modules/react-native/Libraries/LinkingIOS`)
  - React-RCTNetwork (from `../node_modules/react-native/Libraries/Network`)
  - React-RCTSettings (from `../node_modules/react-native/Libraries/Settings`)
  - React-RCTText (from `../node_modules/react-native/Libraries/Text`)
  - React-RCTVibration (from `../node_modules/react-native/Libraries/Vibration`)
  - React-runtimeexecutor (from `../node_modules/react-native/ReactCommon/runtimeexecutor`)
  - ReactCommon/turbomodule/core (from `../node_modules/react-native/ReactCommon`)
  - RNCalendarEvents (from `../node_modules/react-native-calendar-events`)
  - "RNCAsyncStorage (from `../node_modules/@react-native-async-storage/async-storage`)"
  - "RNCPicker (from `../node_modules/@react-native-picker/picker`)"
  - "RNCPushNotificationIOS (from `../node_modules/@react-native-community/push-notification-ios`)"
  - "RNDateTimePicker (from `../node_modules/@react-native-community/datetimepicker`)"
  - RNDeviceInfo (from `../node_modules/react-native-device-info`)
  - "RNFBApp (from `../node_modules/@react-native-firebase/app`)"
  - "RNFBMessaging (from `../node_modules/@react-native-firebase/messaging`)"
  - RNPermissions (from `../node_modules/react-native-permissions`)
  - RNReactNativeHapticFeedback (from `../node_modules/react-native-haptic-feedback`)
  - RNVectorIcons (from `../node_modules/react-native-vector-icons`)
  - TextToSpeech (from `../node_modules/react-native-tts`)
  - VisionCamera (from `../node_modules/react-native-vision-camera`)
  - Yoga (from `../node_modules/react-native/ReactCommon/yoga`)

SPEC REPOS:
  trunk:
    - Auth0
    - Firebase
    - FirebaseCore
    - FirebaseCoreExtension
    - FirebaseCoreInternal
    - FirebaseInstallations
    - FirebaseMessaging
    - fmt
    - GoogleDataTransport
    - GoogleUtilities
    - JWTDecode
    - libevent
    - nanopb
    - PromisesObjC
    - SimpleKeychain

EXTERNAL SOURCES:
  A0Auth0:
    :path: "../node_modules/react-native-auth0"
  boost:
    :podspec: "../node_modules/react-native/third-party-podspecs/boost.podspec"
  BVLinearGradient:
    :path: "../node_modules/react-native-linear-gradient"
  DoubleConversion:
    :podspec: "../node_modules/react-native/third-party-podspecs/DoubleConversion.podspec"
  FBLazyVector:
    :path: "../node_modules/react-native/Libraries/FBLazyVector"
  FBReactNativeSpec:
    :path: "../node_modules/react-native/React/FBReactNativeSpec"
  glog:
    :podspec: "../node_modules/react-native/third-party-podspecs/glog.podspec"
  hermes-engine:
    :podspec: "../node_modules/react-native/sdks/hermes/hermes-engine.podspec"
  Permission-Calendars:
    :path: "../node_modules/react-native-permissions/ios/Calendars"
  Permission-Camera:
    :path: "../node_modules/react-native-permissions/ios/Camera"
  Permission-LocationWhenInUse:
    :path: "../node_modules/react-native-permissions/ios/LocationWhenInUse"
  Permission-Microphone:
    :path: "../node_modules/react-native-permissions/ios/Microphone"
  Permission-PhotoLibrary:
    :path: "../node_modules/react-native-permissions/ios/PhotoLibrary"
  RCT-Folly:
    :podspec: "../node_modules/react-native/third-party-podspecs/RCT-Folly.podspec"
  RCTRequired:
    :path: "../node_modules/react-native/Libraries/RCTRequired"
  RCTTypeSafety:
    :path: "../node_modules/react-native/Libraries/TypeSafety"
  React:
    :path: "../node_modules/react-native/"
  React-bridging:
    :path: "../node_modules/react-native/ReactCommon"
  React-callinvoker:
    :path: "../node_modules/react-native/ReactCommon/callinvoker"
  React-Codegen:
    :path: build/generated/ios
  React-Core:
    :path: "../node_modules/react-native/"
  React-CoreModules:
    :path: "../node_modules/react-native/React/CoreModules"
  React-cxxreact:
    :path: "../node_modules/react-native/ReactCommon/cxxreact"
  React-hermes:
    :path: "../node_modules/react-native/ReactCommon/hermes"
  React-jsi:
    :path: "../node_modules/react-native/ReactCommon/jsi"
  React-jsiexecutor:
    :path: "../node_modules/react-native/ReactCommon/jsiexecutor"
  React-jsinspector:
    :path: "../node_modules/react-native/ReactCommon/jsinspector"
  React-logger:
    :path: "../node_modules/react-native/ReactCommon/logger"
  react-native-add-calendar-event:
    :path: "../node_modules/react-native-add-calendar-event"
  react-native-audio-session:
    :path: "../node_modules/react-native-audio-session"
  react-native-biometrics:
    :path: "../node_modules/react-native-biometrics"
  react-native-blur:
    :path: "../node_modules/@react-native-community/blur"
  react-native-cameraroll:
    :path: "../node_modules/@react-native-camera-roll/camera-roll"
  react-native-contacts:
    :path: "../node_modules/react-native-contacts"
  react-native-date-picker:
    :path: "../node_modules/react-native-date-picker"
  react-native-geolocation:
    :path: "../node_modules/@react-native-community/geolocation"
  react-native-geolocation-service:
    :path: "../node_modules/react-native-geolocation-service"
  react-native-image-picker:
    :path: "../node_modules/react-native-image-picker"
  react-native-maps:
    :path: "../node_modules/react-native-maps"
  react-native-orientation-locker:
    :path: "../node_modules/react-native-orientation-locker"
  react-native-safe-area-context:
    :path: "../node_modules/react-native-safe-area-context"
  react-native-video:
    :path: "../node_modules/react-native-video"
  react-native-view-shot:
    :path: "../node_modules/react-native-view-shot"
  react-native-voice:
    :path: "../node_modules/@react-native-voice/voice"
  react-native-webview:
    :path: "../node_modules/react-native-webview"
  React-perflogger:
    :path: "../node_modules/react-native/ReactCommon/reactperflogger"
  React-RCTActionSheet:
    :path: "../node_modules/react-native/Libraries/ActionSheetIOS"
  React-RCTAnimation:
    :path: "../node_modules/react-native/Libraries/NativeAnimation"
  React-RCTBlob:
    :path: "../node_modules/react-native/Libraries/Blob"
  React-RCTImage:
    :path: "../node_modules/react-native/Libraries/Image"
  React-RCTLinking:
    :path: "../node_modules/react-native/Libraries/LinkingIOS"
  React-RCTNetwork:
    :path: "../node_modules/react-native/Libraries/Network"
  React-RCTSettings:
    :path: "../node_modules/react-native/Libraries/Settings"
  React-RCTText:
    :path: "../node_modules/react-native/Libraries/Text"
  React-RCTVibration:
    :path: "../node_modules/react-native/Libraries/Vibration"
  React-runtimeexecutor:
    :path: "../node_modules/react-native/ReactCommon/runtimeexecutor"
  ReactCommon:
    :path: "../node_modules/react-native/ReactCommon"
  RNCalendarEvents:
    :path: "../node_modules/react-native-calendar-events"
  RNCAsyncStorage:
    :path: "../node_modules/@react-native-async-storage/async-storage"
  RNCPicker:
    :path: "../node_modules/@react-native-picker/picker"
  RNCPushNotificationIOS:
    :path: "../node_modules/@react-native-community/push-notification-ios"
  RNDateTimePicker:
    :path: "../node_modules/@react-native-community/datetimepicker"
  RNDeviceInfo:
    :path: "../node_modules/react-native-device-info"
  RNFBApp:
    :path: "../node_modules/@react-native-firebase/app"
  RNFBMessaging:
    :path: "../node_modules/@react-native-firebase/messaging"
  RNPermissions:
    :path: "../node_modules/react-native-permissions"
  RNReactNativeHapticFeedback:
    :path: "../node_modules/react-native-haptic-feedback"
  RNVectorIcons:
    :path: "../node_modules/react-native-vector-icons"
  TextToSpeech:
    :path: "../node_modules/react-native-tts"
  VisionCamera:
    :path: "../node_modules/react-native-vision-camera"
  Yoga:
    :path: "../node_modules/react-native/ReactCommon/yoga"

SPEC CHECKSUMS:
  A0Auth0: 03f8957c3991644e0ad550a304a9d99a4b589c91
  Auth0: 2876d0c36857422eda9cb580a6cc896c7d14cb36
  boost: 860d55a5b3a007c528ccdafab3bc6f4883e07143
  BVLinearGradient: cb006ba232a1f3e4f341bb62c42d1098c284da70
  DoubleConversion: 5189b271737e1565bdce30deb4a08d647e3f5f54
  FBLazyVector: 4d79ff044f28bf8ebf735074332e7a6c54e268f0
  FBReactNativeSpec: 944ea69e5efe4e94a63e0ceaf9bfdad6515aaf84
  Firebase: 0219acf760880eeec8ce479895bd7767466d9f81
  FirebaseCore: e317665b9d744727a97e623edbbed009320afdd7
  FirebaseCoreExtension: f17247ba8c61e4d3c8d136b5e2de3cb4ac6a85b6
  FirebaseCoreInternal: df84dd300b561c27d5571684f389bf60b0a5c934
  FirebaseInstallations: 913cf60d0400ebd5d6b63a28b290372ab44590dd
  FirebaseMessaging: ac9062bcc35ed56e15a0241d8fd317022499baf8
  fmt: ff9d55029c625d3757ed641535fd4a75fedc7ce9
  glog: 04b94705f318337d7ead9e6d17c019bd9b1f6b1b
  GoogleDataTransport: 6c09b596d841063d76d4288cc2d2f42cc36e1e2a
  GoogleUtilities: ea963c370a38a8069cc5f7ba4ca849a60b6d7d15
  hermes-engine: 409b787d72bde225a3e5ce982f9c3ace6ff56691
  JWTDecode: 7dae24cb9bf9b608eae61e5081029ec169bb5527
  libevent: 4049cae6c81cdb3654a443be001fb9bdceff7913
  nanopb: d4d75c12cd1316f4a64e3c6963f879ecd4b5e0d5
  Permission-Calendars: 61e3173e27d050c5f90e85e8d5d9cd4873162558
  Permission-Camera: cf14fb2d76432ee0f36546249ee608ef6037a23e
  Permission-LocationWhenInUse: e4a1bdc6b9f4a7a598613a6a748bd186e937df34
  Permission-Microphone: 744eafab00992871bd06b3e3f1cbc1ba5b024b58
  Permission-PhotoLibrary: 6088ef4424a006e2bbf3ef6ccbca0f88fa1a52a4
  PromisesObjC: f5707f49cb48b9636751c5b2e7d227e43fba9f47
  RCT-Folly: fd2673f5bfadb2a8173799b6965b892a67ae31d9
  RCTRequired: 23f0d5d0dea22af22f30f146e090a7d16e6b8be7
  RCTTypeSafety: ca3de65d46a130875bf7816788998f13525f3235
  React: 5000106ef4132dad19f8a68dae76c987a5e33182
  React-bridging: d0b73f09bb4c83eb2e518ce28cb6ebedd4228ff1
  React-callinvoker: 6b14487211b7378f68602bbf2b3ae6513259339d
  React-Codegen: 49c45568b87b87ca4983c308df51e2aeeede5b44
  React-Core: 10515e34b6b790898ad046598d67ed38a3b7db79
  React-CoreModules: 371d09d749b983527ac15d8368b49df7ce77ada9
  React-cxxreact: 4ce4852cdc00ce7dbf4b28c5b56e300f8ba88cdc
  React-hermes: be90ba827a598bde0dad50f79524ceedc8d5a762
  React-jsi: 067b06c315d50821d9977d2f8aef7104ab292585
  React-jsiexecutor: eb5c989d256412f7d48851eee16d4fb791293d4c
  React-jsinspector: 2a1985769123b199c195a96f46478b35db139712
  React-logger: d6b8c2a104ac0c237408297085a3f59d6bd514ca
  react-native-add-calendar-event: 4eb42bdf84beb58de81f6d2ce1778a7632223dfe
  react-native-audio-session: 09b7928375f9e8a83563c634ca83f318685a6f18
  react-native-biometrics: 43ed5b828646a7862dbc7945556446be00798e7d
  react-native-blur: 31d3c608b337f9d15d356148e0d88549fbf5fdc7
  react-native-cameraroll: 7cbef6db236e62e945bfdc0844f4373c0b76789b
  react-native-contacts: 092c5fe3150a5f0cfee0e494c2c144053c2aa137
  react-native-date-picker: 2eb0ed05ab9dcb4f337deda77deaa779807c4c61
  react-native-geolocation: 17b040465ff06d914f733d7f61356cbdae409a0d
  react-native-geolocation-service: 32b2c2a3b91e70ce2a8d0c684801aaeb0a07e0ec
  react-native-image-picker: 34310725cfe02f1d90e8f6088f8d5746f3e60c4b
  react-native-maps: 9ae269783ee6ebd87c7598873674c83c244adde9
  react-native-orientation-locker: cc6f357b289a2e0dd2210fea0c52cb8e0727fdaa
  react-native-safe-area-context: dde2052b903c11d677c320b599c3244021c34ce8
  react-native-video: 8de6cd29b52c87f589efd22f26646d60f4463567
  react-native-view-shot: 7437b5c213e1f229405d26a21f83115f16da2311
  react-native-voice: 908a0eba96c8c3d643e4f98b7232c6557d0a6f9c
  react-native-webview: 0b3b18b003c19110c51bccc651932c127d97cc69
  React-perflogger: f86e85eb59151d09e9b44b8931f5c088e4f08bbc
  React-RCTActionSheet: cd3d76501a6069e164986b93f144be34b593955c
  React-RCTAnimation: 2d09db635202e5d6f66de596f5a6b38389fe76ec
  React-RCTBlob: 4440a5ce3daa94b4dad8f23d8d7acc0c5ced99ff
  React-RCTImage: a6f1d5b74b6d6607217bf10512957440130445bb
  React-RCTLinking: c1ed0517e16591da5f783c88bbee6d408f48ef42
  React-RCTNetwork: 04f158cf31efb1d23d70163d45e148c62fd5a56c
  React-RCTSettings: 567bb65866245fb96f2151f80dd40c35ded425a4
  React-RCTText: e1ee68343ccaa3f03a84b48b513fdf59b01bc97d
  React-RCTVibration: 0b23ba09f2f6671a1ddee3c37d27b772b9448346
  React-runtimeexecutor: 77aa3714a353cfb1a5f5e315e8af5154cd3d9402
  ReactCommon: 8cae60fb5f3081673450e3ac1be996a33f81b64c
  RNCalendarEvents: f90f73666b6bcbb3cc8a491ffbb5e48c0db3de37
  RNCAsyncStorage: b9f5f78da5d16a853fe3dc22e8268d932fc45a83
  RNCPicker: 124b4fb5859ba1a3fd53a91e16d1e7a0fc016e59
  RNCPushNotificationIOS: 6c4ca3388c7434e4a662b92e4dfeeee858e6f440
  RNDateTimePicker: 371fff9e5ed9d1f998e26e8ff00176c24b0958a5
  RNDeviceInfo: d863506092aef7e7af3a1c350c913d867d795047
  RNFBApp: c5526741c2ee14bd3ab6d57bf8e42be8314bca2f
  RNFBMessaging: c05a432d82a2aa730161e62c56b2a53ca3b412f5
  RNPermissions: bd0d9ca7969ff7b999aa605ee2e5919c12522bfe
  RNReactNativeHapticFeedback: e70e211728d66c367d5744488c0809b0773b6679
  RNVectorIcons: eaf77cfdc651fe0cc0325f464b3d442346477070
  SimpleKeychain: 768cf43ae778b1c21816e94dddf01bb8ee96a075
  TextToSpeech: 89b239221ec378d213af422d14789a729705360b
  VisionCamera: 30b358b807324c692064f78385e9a732ce1bebfe
  Yoga: 0518155cfbcc68c56223422f6a20a71b82e307d2

PODFILE CHECKSUM: c38b2873acc7c6ca0b489fb431c66d566f1d4f12

COCOAPODS: 1.16.2
